// !$*UTF8*$!
{
	archiveVersion = 1;
	classes = {
	};
	objectVersion = 46;
	objects = {

/* Begin PBXBuildFile section */
		8AF30A29655A4A9EB9B25A3E /* libPods-SAMobileSDK.a in Frameworks */ = {isa = PBXBuildFile; fileRef = A60F40D7A3D540608A9F4B27 /* libPods-SAMobileSDK.a */; };
		980E5F3C198FCD2000608828 /* login in Resources */ = {isa = PBXBuildFile; fileRef = 980E5F3B198FCD2000608828 /* login */; };
		980E88AA199396D7009393DD /* SATokenResponse.m in Sources */ = {isa = PBXBuildFile; fileRef = 980E88A9199396D7009393DD /* SATokenResponse.m */; };
		980E88AD1993974A009393DD /* SAUser.m in Sources */ = {isa = PBXBuildFile; fileRef = 980E88AC1993974A009393DD /* SAUser.m */; };
		980E88B1199399EB009393DD /* NSString+URLEncode.m in Sources */ = {isa = PBXBuildFile; fileRef = 980E88B0199399EB009393DD /* NSString+URLEncode.m */; };
		984B378E19A605E4005386CC /* SAServerResponse.m in Sources */ = {isa = PBXBuildFile; fileRef = 984B378D19A605E4005386CC /* SAServerResponse.m */; };
		984B379119A60678005386CC /* SAAdPlacement.m in Sources */ = {isa = PBXBuildFile; fileRef = 984B379019A60678005386CC /* SAAdPlacement.m */; };
		9856D98F1987D86B00B6804C /* Foundation.framework in Frameworks */ = {isa = PBXBuildFile; fileRef = 9856D98E1987D86B00B6804C /* Foundation.framework */; };
		9856D9911987D86B00B6804C /* CoreGraphics.framework in Frameworks */ = {isa = PBXBuildFile; fileRef = 9856D9901987D86B00B6804C /* CoreGraphics.framework */; };
		9856D9931987D86B00B6804C /* UIKit.framework in Frameworks */ = {isa = PBXBuildFile; fileRef = 9856D9921987D86B00B6804C /* UIKit.framework */; };
		9856D9991987D86B00B6804C /* InfoPlist.strings in Resources */ = {isa = PBXBuildFile; fileRef = 9856D9971987D86B00B6804C /* InfoPlist.strings */; };
		9856D99B1987D86B00B6804C /* main.m in Sources */ = {isa = PBXBuildFile; fileRef = 9856D99A1987D86B00B6804C /* main.m */; };
		9856D99F1987D86B00B6804C /* AppDelegate.m in Sources */ = {isa = PBXBuildFile; fileRef = 9856D99E1987D86B00B6804C /* AppDelegate.m */; };
		9856D9A11987D86B00B6804C /* Images.xcassets in Resources */ = {isa = PBXBuildFile; fileRef = 9856D9A01987D86B00B6804C /* Images.xcassets */; };
		9856D9A81987D86B00B6804C /* XCTest.framework in Frameworks */ = {isa = PBXBuildFile; fileRef = 9856D9A71987D86B00B6804C /* XCTest.framework */; };
		9856D9A91987D86B00B6804C /* Foundation.framework in Frameworks */ = {isa = PBXBuildFile; fileRef = 9856D98E1987D86B00B6804C /* Foundation.framework */; };
		9856D9AA1987D86B00B6804C /* UIKit.framework in Frameworks */ = {isa = PBXBuildFile; fileRef = 9856D9921987D86B00B6804C /* UIKit.framework */; };
		9856D9B21987D86B00B6804C /* InfoPlist.strings in Resources */ = {isa = PBXBuildFile; fileRef = 9856D9B01987D86B00B6804C /* InfoPlist.strings */; };
		9856D9B41987D86B00B6804C /* SAMobileSDKTests.m in Sources */ = {isa = PBXBuildFile; fileRef = 9856D9B31987D86B00B6804C /* SAMobileSDKTests.m */; };
		985754E11987EBE300E865C7 /* ADTECHMobileSDK.framework in Frameworks */ = {isa = PBXBuildFile; fileRef = 985754E01987EBE300E865C7 /* ADTECHMobileSDK.framework */; };
		98613FB91988E60400C1E004 /* AudioToolbox.framework in Frameworks */ = {isa = PBXBuildFile; fileRef = 98613FB81988E60400C1E004 /* AudioToolbox.framework */; };
		98613FC91988E65E00C1E004 /* AVFoundation.framework in Frameworks */ = {isa = PBXBuildFile; fileRef = 98613FBA1988E65E00C1E004 /* AVFoundation.framework */; };
		98613FCA1988E65E00C1E004 /* CFNetwork.framework in Frameworks */ = {isa = PBXBuildFile; fileRef = 98613FBB1988E65E00C1E004 /* CFNetwork.framework */; };
		98613FCB1988E65E00C1E004 /* CoreData.framework in Frameworks */ = {isa = PBXBuildFile; fileRef = 98613FBC1988E65E00C1E004 /* CoreData.framework */; };
		98613FCC1988E65E00C1E004 /* CoreLocation.framework in Frameworks */ = {isa = PBXBuildFile; fileRef = 98613FBD1988E65E00C1E004 /* CoreLocation.framework */; };
		98613FCD1988E65E00C1E004 /* CoreMedia.framework in Frameworks */ = {isa = PBXBuildFile; fileRef = 98613FBE1988E65E00C1E004 /* CoreMedia.framework */; };
		98613FCE1988E65E00C1E004 /* CoreMotion.framework in Frameworks */ = {isa = PBXBuildFile; fileRef = 98613FBF1988E65E00C1E004 /* CoreMotion.framework */; };
		98613FCF1988E65E00C1E004 /* CoreTelephony.framework in Frameworks */ = {isa = PBXBuildFile; fileRef = 98613FC01988E65E00C1E004 /* CoreTelephony.framework */; };
		98613FD01988E65E00C1E004 /* EventKit.framework in Frameworks */ = {isa = PBXBuildFile; fileRef = 98613FC11988E65E00C1E004 /* EventKit.framework */; };
		98613FD11988E65E00C1E004 /* EventKitUI.framework in Frameworks */ = {isa = PBXBuildFile; fileRef = 98613FC21988E65E00C1E004 /* EventKitUI.framework */; };
		98613FD21988E65E00C1E004 /* MediaPlayer.framework in Frameworks */ = {isa = PBXBuildFile; fileRef = 98613FC31988E65E00C1E004 /* MediaPlayer.framework */; };
		98613FD31988E65E00C1E004 /* MessageUI.framework in Frameworks */ = {isa = PBXBuildFile; fileRef = 98613FC41988E65E00C1E004 /* MessageUI.framework */; };
		98613FD41988E65E00C1E004 /* MobileCoreServices.framework in Frameworks */ = {isa = PBXBuildFile; fileRef = 98613FC51988E65E00C1E004 /* MobileCoreServices.framework */; };
		98613FD51988E65E00C1E004 /* QuartzCore.framework in Frameworks */ = {isa = PBXBuildFile; fileRef = 98613FC61988E65E00C1E004 /* QuartzCore.framework */; };
		98613FD61988E65E00C1E004 /* Security.framework in Frameworks */ = {isa = PBXBuildFile; fileRef = 98613FC71988E65E00C1E004 /* Security.framework */; };
		98613FD71988E65E00C1E004 /* SystemConfiguration.framework in Frameworks */ = {isa = PBXBuildFile; fileRef = 98613FC81988E65E00C1E004 /* SystemConfiguration.framework */; };
		98613FD91988E67200C1E004 /* StoreKit.framework in Frameworks */ = {isa = PBXBuildFile; fileRef = 98613FD81988E67200C1E004 /* StoreKit.framework */; };
		98613FDC1988E68900C1E004 /* libxml2.dylib in Frameworks */ = {isa = PBXBuildFile; fileRef = 98613FDA1988E68900C1E004 /* libxml2.dylib */; };
		98613FDD1988E68900C1E004 /* libz.dylib in Frameworks */ = {isa = PBXBuildFile; fileRef = 98613FDB1988E68900C1E004 /* libz.dylib */; };
		98613FDF1988E6AF00C1E004 /* AdSupport.framework in Frameworks */ = {isa = PBXBuildFile; fileRef = 98613FDE1988E6AF00C1E004 /* AdSupport.framework */; };
		98613FE81988EA3D00C1E004 /* SuperAwesome.m in Sources */ = {isa = PBXBuildFile; fileRef = 98613FE51988EA3D00C1E004 /* SuperAwesome.m */; };
		98613FEC1988ECC900C1E004 /* ADTECHAdConfiguration.plist in Resources */ = {isa = PBXBuildFile; fileRef = 98613FEA1988ECC900C1E004 /* ADTECHAdConfiguration.plist */; };
		98613FED1988ECC900C1E004 /* ADTECHMobileSDK.bundle in Resources */ = {isa = PBXBuildFile; fileRef = 98613FEB1988ECC900C1E004 /* ADTECHMobileSDK.bundle */; };
		987FF08F19890B8700578014 /* SABannerViewController.xib in Resources */ = {isa = PBXBuildFile; fileRef = 987FF08E19890B8700578014 /* SABannerViewController.xib */; };
		98A471C319AC02BF0068B5C8 /* Storyboard.storyboard in Resources */ = {isa = PBXBuildFile; fileRef = 98A471C219AC02BF0068B5C8 /* Storyboard.storyboard */; };
		98A4720719AC84DD0068B5C8 /* BannerViewController.m in Sources */ = {isa = PBXBuildFile; fileRef = 98A4720619AC84DD0068B5C8 /* BannerViewController.m */; };
		98A4720A19AC84F40068B5C8 /* InterstitialViewController.m in Sources */ = {isa = PBXBuildFile; fileRef = 98A4720919AC84F40068B5C8 /* InterstitialViewController.m */; };
		98A4720E19AC86850068B5C8 /* SignInViewController.m in Sources */ = {isa = PBXBuildFile; fileRef = 98A4720D19AC86850068B5C8 /* SignInViewController.m */; };
		98AAAAB61998FB8100B7E2B2 /* SALoginWebViewController.xib in Resources */ = {isa = PBXBuildFile; fileRef = 98AAAAB51998FB8100B7E2B2 /* SALoginWebViewController.xib */; };
		98AAAABA19991A8000B7E2B2 /* SABannerView.m in Sources */ = {isa = PBXBuildFile; fileRef = 98AAAAB919991A8000B7E2B2 /* SABannerView.m */; };
		98AAAABE19991E5D00B7E2B2 /* UIView+FindUIViewController.m in Sources */ = {isa = PBXBuildFile; fileRef = 98AAAABD19991E5D00B7E2B2 /* UIView+FindUIViewController.m */; };
		98AD4D1E199A1EA000915410 /* SAInterstitialView.m in Sources */ = {isa = PBXBuildFile; fileRef = 98AD4D1D199A1EA000915410 /* SAInterstitialView.m */; };
		98CF200B198B91D000FD5896 /* SALoginViewController.m in Sources */ = {isa = PBXBuildFile; fileRef = 98CF2009198B91D000FD5896 /* SALoginViewController.m */; };
		98CF2010198B926100FD5896 /* ViewController.m in Sources */ = {isa = PBXBuildFile; fileRef = 98CF200E198B926100FD5896 /* ViewController.m */; };
		98CF2015198B9EE600FD5896 /* SALoginWebViewController.m in Sources */ = {isa = PBXBuildFile; fileRef = 98CF2013198B9EE600FD5896 /* SALoginWebViewController.m */; };
		98FF7A551990DF66003E87B0 /* sa_login.png in Resources */ = {isa = PBXBuildFile; fileRef = 98FF7A541990DF66003E87B0 /* sa_login.png */; };
/* End PBXBuildFile section */

/* Begin PBXContainerItemProxy section */
		9856D9AB1987D86B00B6804C /* PBXContainerItemProxy */ = {
			isa = PBXContainerItemProxy;
			containerPortal = 9856D9831987D86B00B6804C /* Project object */;
			proxyType = 1;
			remoteGlobalIDString = 9856D98A1987D86B00B6804C;
			remoteInfo = SAMobileSDK;
		};
/* End PBXContainerItemProxy section */

/* Begin PBXFileReference section */
		57F5CCA210A94DFB962966E6 /* Pods-SAMobileSDK.xcconfig */ = {isa = PBXFileReference; includeInIndex = 1; lastKnownFileType = text.xcconfig; name = "Pods-SAMobileSDK.xcconfig"; path = "Pods/Pods-SAMobileSDK.xcconfig"; sourceTree = "<group>"; };
		980E5F3B198FCD2000608828 /* login */ = {isa = PBXFileReference; lastKnownFileType = folder; path = login; sourceTree = "<group>"; };
		980E88A8199396D7009393DD /* SATokenResponse.h */ = {isa = PBXFileReference; fileEncoding = 4; lastKnownFileType = sourcecode.c.h; path = SATokenResponse.h; sourceTree = "<group>"; };
		980E88A9199396D7009393DD /* SATokenResponse.m */ = {isa = PBXFileReference; fileEncoding = 4; lastKnownFileType = sourcecode.c.objc; path = SATokenResponse.m; sourceTree = "<group>"; };
		980E88AB1993974A009393DD /* SAUser.h */ = {isa = PBXFileReference; fileEncoding = 4; lastKnownFileType = sourcecode.c.h; path = SAUser.h; sourceTree = "<group>"; };
		980E88AC1993974A009393DD /* SAUser.m */ = {isa = PBXFileReference; fileEncoding = 4; lastKnownFileType = sourcecode.c.objc; path = SAUser.m; sourceTree = "<group>"; };
		980E88AF199399EB009393DD /* NSString+URLEncode.h */ = {isa = PBXFileReference; fileEncoding = 4; lastKnownFileType = sourcecode.c.h; path = "NSString+URLEncode.h"; sourceTree = "<group>"; };
		980E88B0199399EB009393DD /* NSString+URLEncode.m */ = {isa = PBXFileReference; fileEncoding = 4; lastKnownFileType = sourcecode.c.objc; path = "NSString+URLEncode.m"; sourceTree = "<group>"; };
		984B378C19A605E4005386CC /* SAServerResponse.h */ = {isa = PBXFileReference; fileEncoding = 4; lastKnownFileType = sourcecode.c.h; path = SAServerResponse.h; sourceTree = "<group>"; };
		984B378D19A605E4005386CC /* SAServerResponse.m */ = {isa = PBXFileReference; fileEncoding = 4; lastKnownFileType = sourcecode.c.objc; path = SAServerResponse.m; sourceTree = "<group>"; };
		984B378F19A60678005386CC /* SAAdPlacement.h */ = {isa = PBXFileReference; fileEncoding = 4; lastKnownFileType = sourcecode.c.h; path = SAAdPlacement.h; sourceTree = "<group>"; };
		984B379019A60678005386CC /* SAAdPlacement.m */ = {isa = PBXFileReference; fileEncoding = 4; lastKnownFileType = sourcecode.c.objc; path = SAAdPlacement.m; sourceTree = "<group>"; };
		9856D98B1987D86B00B6804C /* SAMobileSDK.app */ = {isa = PBXFileReference; explicitFileType = wrapper.application; includeInIndex = 0; path = SAMobileSDK.app; sourceTree = BUILT_PRODUCTS_DIR; };
		9856D98E1987D86B00B6804C /* Foundation.framework */ = {isa = PBXFileReference; lastKnownFileType = wrapper.framework; name = Foundation.framework; path = System/Library/Frameworks/Foundation.framework; sourceTree = SDKROOT; };
		9856D9901987D86B00B6804C /* CoreGraphics.framework */ = {isa = PBXFileReference; lastKnownFileType = wrapper.framework; name = CoreGraphics.framework; path = System/Library/Frameworks/CoreGraphics.framework; sourceTree = SDKROOT; };
		9856D9921987D86B00B6804C /* UIKit.framework */ = {isa = PBXFileReference; lastKnownFileType = wrapper.framework; name = UIKit.framework; path = System/Library/Frameworks/UIKit.framework; sourceTree = SDKROOT; };
		9856D9961987D86B00B6804C /* SAMobileSDK-Info.plist */ = {isa = PBXFileReference; lastKnownFileType = text.plist.xml; path = "SAMobileSDK-Info.plist"; sourceTree = "<group>"; };
		9856D9981987D86B00B6804C /* en */ = {isa = PBXFileReference; lastKnownFileType = text.plist.strings; name = en; path = en.lproj/InfoPlist.strings; sourceTree = "<group>"; };
		9856D99A1987D86B00B6804C /* main.m */ = {isa = PBXFileReference; lastKnownFileType = sourcecode.c.objc; path = main.m; sourceTree = "<group>"; };
		9856D99C1987D86B00B6804C /* SAMobileSDK-Prefix.pch */ = {isa = PBXFileReference; lastKnownFileType = sourcecode.c.h; path = "SAMobileSDK-Prefix.pch"; sourceTree = "<group>"; };
		9856D99D1987D86B00B6804C /* AppDelegate.h */ = {isa = PBXFileReference; lastKnownFileType = sourcecode.c.h; path = AppDelegate.h; sourceTree = "<group>"; };
		9856D99E1987D86B00B6804C /* AppDelegate.m */ = {isa = PBXFileReference; lastKnownFileType = sourcecode.c.objc; path = AppDelegate.m; sourceTree = "<group>"; };
		9856D9A01987D86B00B6804C /* Images.xcassets */ = {isa = PBXFileReference; lastKnownFileType = folder.assetcatalog; path = Images.xcassets; sourceTree = "<group>"; };
		9856D9A61987D86B00B6804C /* SAMobileSDKTests.xctest */ = {isa = PBXFileReference; explicitFileType = wrapper.cfbundle; includeInIndex = 0; path = SAMobileSDKTests.xctest; sourceTree = BUILT_PRODUCTS_DIR; };
		9856D9A71987D86B00B6804C /* XCTest.framework */ = {isa = PBXFileReference; lastKnownFileType = wrapper.framework; name = XCTest.framework; path = Library/Frameworks/XCTest.framework; sourceTree = DEVELOPER_DIR; };
		9856D9AF1987D86B00B6804C /* SAMobileSDKTests-Info.plist */ = {isa = PBXFileReference; lastKnownFileType = text.plist.xml; path = "SAMobileSDKTests-Info.plist"; sourceTree = "<group>"; };
		9856D9B11987D86B00B6804C /* en */ = {isa = PBXFileReference; lastKnownFileType = text.plist.strings; name = en; path = en.lproj/InfoPlist.strings; sourceTree = "<group>"; };
		9856D9B31987D86B00B6804C /* SAMobileSDKTests.m */ = {isa = PBXFileReference; lastKnownFileType = sourcecode.c.objc; path = SAMobileSDKTests.m; sourceTree = "<group>"; };
		985754E01987EBE300E865C7 /* ADTECHMobileSDK.framework */ = {isa = PBXFileReference; lastKnownFileType = wrapper.framework; path = ADTECHMobileSDK.framework; sourceTree = "<group>"; };
		98613FB81988E60400C1E004 /* AudioToolbox.framework */ = {isa = PBXFileReference; lastKnownFileType = wrapper.framework; name = AudioToolbox.framework; path = System/Library/Frameworks/AudioToolbox.framework; sourceTree = SDKROOT; };
		98613FBA1988E65E00C1E004 /* AVFoundation.framework */ = {isa = PBXFileReference; lastKnownFileType = wrapper.framework; name = AVFoundation.framework; path = System/Library/Frameworks/AVFoundation.framework; sourceTree = SDKROOT; };
		98613FBB1988E65E00C1E004 /* CFNetwork.framework */ = {isa = PBXFileReference; lastKnownFileType = wrapper.framework; name = CFNetwork.framework; path = System/Library/Frameworks/CFNetwork.framework; sourceTree = SDKROOT; };
		98613FBC1988E65E00C1E004 /* CoreData.framework */ = {isa = PBXFileReference; lastKnownFileType = wrapper.framework; name = CoreData.framework; path = System/Library/Frameworks/CoreData.framework; sourceTree = SDKROOT; };
		98613FBD1988E65E00C1E004 /* CoreLocation.framework */ = {isa = PBXFileReference; lastKnownFileType = wrapper.framework; name = CoreLocation.framework; path = System/Library/Frameworks/CoreLocation.framework; sourceTree = SDKROOT; };
		98613FBE1988E65E00C1E004 /* CoreMedia.framework */ = {isa = PBXFileReference; lastKnownFileType = wrapper.framework; name = CoreMedia.framework; path = System/Library/Frameworks/CoreMedia.framework; sourceTree = SDKROOT; };
		98613FBF1988E65E00C1E004 /* CoreMotion.framework */ = {isa = PBXFileReference; lastKnownFileType = wrapper.framework; name = CoreMotion.framework; path = System/Library/Frameworks/CoreMotion.framework; sourceTree = SDKROOT; };
		98613FC01988E65E00C1E004 /* CoreTelephony.framework */ = {isa = PBXFileReference; lastKnownFileType = wrapper.framework; name = CoreTelephony.framework; path = System/Library/Frameworks/CoreTelephony.framework; sourceTree = SDKROOT; };
		98613FC11988E65E00C1E004 /* EventKit.framework */ = {isa = PBXFileReference; lastKnownFileType = wrapper.framework; name = EventKit.framework; path = System/Library/Frameworks/EventKit.framework; sourceTree = SDKROOT; };
		98613FC21988E65E00C1E004 /* EventKitUI.framework */ = {isa = PBXFileReference; lastKnownFileType = wrapper.framework; name = EventKitUI.framework; path = System/Library/Frameworks/EventKitUI.framework; sourceTree = SDKROOT; };
		98613FC31988E65E00C1E004 /* MediaPlayer.framework */ = {isa = PBXFileReference; lastKnownFileType = wrapper.framework; name = MediaPlayer.framework; path = System/Library/Frameworks/MediaPlayer.framework; sourceTree = SDKROOT; };
		98613FC41988E65E00C1E004 /* MessageUI.framework */ = {isa = PBXFileReference; lastKnownFileType = wrapper.framework; name = MessageUI.framework; path = System/Library/Frameworks/MessageUI.framework; sourceTree = SDKROOT; };
		98613FC51988E65E00C1E004 /* MobileCoreServices.framework */ = {isa = PBXFileReference; lastKnownFileType = wrapper.framework; name = MobileCoreServices.framework; path = System/Library/Frameworks/MobileCoreServices.framework; sourceTree = SDKROOT; };
		98613FC61988E65E00C1E004 /* QuartzCore.framework */ = {isa = PBXFileReference; lastKnownFileType = wrapper.framework; name = QuartzCore.framework; path = System/Library/Frameworks/QuartzCore.framework; sourceTree = SDKROOT; };
		98613FC71988E65E00C1E004 /* Security.framework */ = {isa = PBXFileReference; lastKnownFileType = wrapper.framework; name = Security.framework; path = System/Library/Frameworks/Security.framework; sourceTree = SDKROOT; };
		98613FC81988E65E00C1E004 /* SystemConfiguration.framework */ = {isa = PBXFileReference; lastKnownFileType = wrapper.framework; name = SystemConfiguration.framework; path = System/Library/Frameworks/SystemConfiguration.framework; sourceTree = SDKROOT; };
		98613FD81988E67200C1E004 /* StoreKit.framework */ = {isa = PBXFileReference; lastKnownFileType = wrapper.framework; name = StoreKit.framework; path = System/Library/Frameworks/StoreKit.framework; sourceTree = SDKROOT; };
		98613FDA1988E68900C1E004 /* libxml2.dylib */ = {isa = PBXFileReference; lastKnownFileType = "compiled.mach-o.dylib"; name = libxml2.dylib; path = usr/lib/libxml2.dylib; sourceTree = SDKROOT; };
		98613FDB1988E68900C1E004 /* libz.dylib */ = {isa = PBXFileReference; lastKnownFileType = "compiled.mach-o.dylib"; name = libz.dylib; path = usr/lib/libz.dylib; sourceTree = SDKROOT; };
		98613FDE1988E6AF00C1E004 /* AdSupport.framework */ = {isa = PBXFileReference; lastKnownFileType = wrapper.framework; name = AdSupport.framework; path = System/Library/Frameworks/AdSupport.framework; sourceTree = SDKROOT; };
		98613FE41988EA3D00C1E004 /* SuperAwesome.h */ = {isa = PBXFileReference; fileEncoding = 4; lastKnownFileType = sourcecode.c.h; path = SuperAwesome.h; sourceTree = "<group>"; };
		98613FE51988EA3D00C1E004 /* SuperAwesome.m */ = {isa = PBXFileReference; fileEncoding = 4; lastKnownFileType = sourcecode.c.objc; path = SuperAwesome.m; sourceTree = "<group>"; };
		98613FEA1988ECC900C1E004 /* ADTECHAdConfiguration.plist */ = {isa = PBXFileReference; fileEncoding = 4; lastKnownFileType = text.plist.xml; path = ADTECHAdConfiguration.plist; sourceTree = "<group>"; };
		98613FEB1988ECC900C1E004 /* ADTECHMobileSDK.bundle */ = {isa = PBXFileReference; lastKnownFileType = "wrapper.plug-in"; path = ADTECHMobileSDK.bundle; sourceTree = "<group>"; };
		987FF08E19890B8700578014 /* SABannerViewController.xib */ = {isa = PBXFileReference; fileEncoding = 4; lastKnownFileType = file.xib; path = SABannerViewController.xib; sourceTree = "<group>"; };
		98A471C219AC02BF0068B5C8 /* Storyboard.storyboard */ = {isa = PBXFileReference; fileEncoding = 4; lastKnownFileType = file.storyboard; path = Storyboard.storyboard; sourceTree = "<group>"; };
		98A4720519AC84DD0068B5C8 /* BannerViewController.h */ = {isa = PBXFileReference; fileEncoding = 4; lastKnownFileType = sourcecode.c.h; path = BannerViewController.h; sourceTree = "<group>"; };
		98A4720619AC84DD0068B5C8 /* BannerViewController.m */ = {isa = PBXFileReference; fileEncoding = 4; lastKnownFileType = sourcecode.c.objc; path = BannerViewController.m; sourceTree = "<group>"; };
		98A4720819AC84F40068B5C8 /* InterstitialViewController.h */ = {isa = PBXFileReference; fileEncoding = 4; lastKnownFileType = sourcecode.c.h; path = InterstitialViewController.h; sourceTree = "<group>"; };
		98A4720919AC84F40068B5C8 /* InterstitialViewController.m */ = {isa = PBXFileReference; fileEncoding = 4; lastKnownFileType = sourcecode.c.objc; path = InterstitialViewController.m; sourceTree = "<group>"; };
		98A4720C19AC86850068B5C8 /* SignInViewController.h */ = {isa = PBXFileReference; fileEncoding = 4; lastKnownFileType = sourcecode.c.h; path = SignInViewController.h; sourceTree = "<group>"; };
		98A4720D19AC86850068B5C8 /* SignInViewController.m */ = {isa = PBXFileReference; fileEncoding = 4; lastKnownFileType = sourcecode.c.objc; path = SignInViewController.m; sourceTree = "<group>"; };
		98AAAAB51998FB8100B7E2B2 /* SALoginWebViewController.xib */ = {isa = PBXFileReference; fileEncoding = 4; lastKnownFileType = file.xib; path = SALoginWebViewController.xib; sourceTree = "<group>"; };
		98AAAAB819991A8000B7E2B2 /* SABannerView.h */ = {isa = PBXFileReference; fileEncoding = 4; lastKnownFileType = sourcecode.c.h; path = SABannerView.h; sourceTree = "<group>"; };
		98AAAAB919991A8000B7E2B2 /* SABannerView.m */ = {isa = PBXFileReference; fileEncoding = 4; lastKnownFileType = sourcecode.c.objc; path = SABannerView.m; sourceTree = "<group>"; };
		98AAAABC19991E5D00B7E2B2 /* UIView+FindUIViewController.h */ = {isa = PBXFileReference; fileEncoding = 4; lastKnownFileType = sourcecode.c.h; path = "UIView+FindUIViewController.h"; sourceTree = "<group>"; };
		98AAAABD19991E5D00B7E2B2 /* UIView+FindUIViewController.m */ = {isa = PBXFileReference; fileEncoding = 4; lastKnownFileType = sourcecode.c.objc; path = "UIView+FindUIViewController.m"; sourceTree = "<group>"; };
		98AD4D1C199A1EA000915410 /* SAInterstitialView.h */ = {isa = PBXFileReference; fileEncoding = 4; lastKnownFileType = sourcecode.c.h; path = SAInterstitialView.h; sourceTree = "<group>"; };
		98AD4D1D199A1EA000915410 /* SAInterstitialView.m */ = {isa = PBXFileReference; fileEncoding = 4; lastKnownFileType = sourcecode.c.objc; path = SAInterstitialView.m; sourceTree = "<group>"; };
		98CF2008198B91D000FD5896 /* SALoginViewController.h */ = {isa = PBXFileReference; fileEncoding = 4; lastKnownFileType = sourcecode.c.h; path = SALoginViewController.h; sourceTree = "<group>"; };
		98CF2009198B91D000FD5896 /* SALoginViewController.m */ = {isa = PBXFileReference; fileEncoding = 4; lastKnownFileType = sourcecode.c.objc; path = SALoginViewController.m; sourceTree = "<group>"; };
		98CF200D198B926100FD5896 /* ViewController.h */ = {isa = PBXFileReference; fileEncoding = 4; lastKnownFileType = sourcecode.c.h; path = ViewController.h; sourceTree = "<group>"; };
		98CF200E198B926100FD5896 /* ViewController.m */ = {isa = PBXFileReference; fileEncoding = 4; lastKnownFileType = sourcecode.c.objc; path = ViewController.m; sourceTree = "<group>"; };
		98CF2012198B9EE600FD5896 /* SALoginWebViewController.h */ = {isa = PBXFileReference; fileEncoding = 4; lastKnownFileType = sourcecode.c.h; path = SALoginWebViewController.h; sourceTree = "<group>"; };
		98CF2013198B9EE600FD5896 /* SALoginWebViewController.m */ = {isa = PBXFileReference; fileEncoding = 4; lastKnownFileType = sourcecode.c.objc; path = SALoginWebViewController.m; sourceTree = "<group>"; };
		98FF7A541990DF66003E87B0 /* sa_login.png */ = {isa = PBXFileReference; lastKnownFileType = image.png; path = sa_login.png; sourceTree = "<group>"; };
		A60F40D7A3D540608A9F4B27 /* libPods-SAMobileSDK.a */ = {isa = PBXFileReference; explicitFileType = archive.ar; includeInIndex = 0; path = "libPods-SAMobileSDK.a"; sourceTree = BUILT_PRODUCTS_DIR; };
/* End PBXFileReference section */

/* Begin PBXFrameworksBuildPhase section */
		9856D9881987D86B00B6804C /* Frameworks */ = {
			isa = PBXFrameworksBuildPhase;
			buildActionMask = 2147483647;
			files = (
				98613FDF1988E6AF00C1E004 /* AdSupport.framework in Frameworks */,
				98613FDC1988E68900C1E004 /* libxml2.dylib in Frameworks */,
				98613FDD1988E68900C1E004 /* libz.dylib in Frameworks */,
				98613FD91988E67200C1E004 /* StoreKit.framework in Frameworks */,
				98613FC91988E65E00C1E004 /* AVFoundation.framework in Frameworks */,
				98613FCA1988E65E00C1E004 /* CFNetwork.framework in Frameworks */,
				98613FCB1988E65E00C1E004 /* CoreData.framework in Frameworks */,
				98613FCC1988E65E00C1E004 /* CoreLocation.framework in Frameworks */,
				98613FCD1988E65E00C1E004 /* CoreMedia.framework in Frameworks */,
				98613FCE1988E65E00C1E004 /* CoreMotion.framework in Frameworks */,
				98613FCF1988E65E00C1E004 /* CoreTelephony.framework in Frameworks */,
				98613FD01988E65E00C1E004 /* EventKit.framework in Frameworks */,
				98613FD11988E65E00C1E004 /* EventKitUI.framework in Frameworks */,
				98613FD21988E65E00C1E004 /* MediaPlayer.framework in Frameworks */,
				98613FD31988E65E00C1E004 /* MessageUI.framework in Frameworks */,
				98613FD41988E65E00C1E004 /* MobileCoreServices.framework in Frameworks */,
				98613FD51988E65E00C1E004 /* QuartzCore.framework in Frameworks */,
				98613FD61988E65E00C1E004 /* Security.framework in Frameworks */,
				98613FD71988E65E00C1E004 /* SystemConfiguration.framework in Frameworks */,
				9856D9911987D86B00B6804C /* CoreGraphics.framework in Frameworks */,
				98613FB91988E60400C1E004 /* AudioToolbox.framework in Frameworks */,
				985754E11987EBE300E865C7 /* ADTECHMobileSDK.framework in Frameworks */,
				9856D9931987D86B00B6804C /* UIKit.framework in Frameworks */,
				9856D98F1987D86B00B6804C /* Foundation.framework in Frameworks */,
				8AF30A29655A4A9EB9B25A3E /* libPods-SAMobileSDK.a in Frameworks */,
			);
			runOnlyForDeploymentPostprocessing = 0;
		};
		9856D9A31987D86B00B6804C /* Frameworks */ = {
			isa = PBXFrameworksBuildPhase;
			buildActionMask = 2147483647;
			files = (
				9856D9A81987D86B00B6804C /* XCTest.framework in Frameworks */,
				9856D9AA1987D86B00B6804C /* UIKit.framework in Frameworks */,
				9856D9A91987D86B00B6804C /* Foundation.framework in Frameworks */,
			);
			runOnlyForDeploymentPostprocessing = 0;
		};
/* End PBXFrameworksBuildPhase section */

/* Begin PBXGroup section */
		980E88AE199397AC009393DD /* Models */ = {
			isa = PBXGroup;
			children = (
				980E88A8199396D7009393DD /* SATokenResponse.h */,
				980E88A9199396D7009393DD /* SATokenResponse.m */,
				980E88AB1993974A009393DD /* SAUser.h */,
				980E88AC1993974A009393DD /* SAUser.m */,
			);
			name = Models;
			sourceTree = "<group>";
		};
		984B379219A60A98005386CC /* Models */ = {
			isa = PBXGroup;
			children = (
				984B378C19A605E4005386CC /* SAServerResponse.h */,
				984B378D19A605E4005386CC /* SAServerResponse.m */,
				984B378F19A60678005386CC /* SAAdPlacement.h */,
				984B379019A60678005386CC /* SAAdPlacement.m */,
			);
			name = Models;
			sourceTree = "<group>";
		};
		9856D9821987D86B00B6804C = {
			isa = PBXGroup;
			children = (
				9856D9941987D86B00B6804C /* SAMobileSDK */,
				9856D9AD1987D86B00B6804C /* SAMobileSDKTests */,
				9856D98D1987D86B00B6804C /* Frameworks */,
				9856D98C1987D86B00B6804C /* Products */,
				57F5CCA210A94DFB962966E6 /* Pods-SAMobileSDK.xcconfig */,
			);
			sourceTree = "<group>";
		};
		9856D98C1987D86B00B6804C /* Products */ = {
			isa = PBXGroup;
			children = (
				9856D98B1987D86B00B6804C /* SAMobileSDK.app */,
				9856D9A61987D86B00B6804C /* SAMobileSDKTests.xctest */,
			);
			name = Products;
			sourceTree = "<group>";
		};
		9856D98D1987D86B00B6804C /* Frameworks */ = {
			isa = PBXGroup;
			children = (
				98613FDE1988E6AF00C1E004 /* AdSupport.framework */,
				98613FDA1988E68900C1E004 /* libxml2.dylib */,
				98613FDB1988E68900C1E004 /* libz.dylib */,
				98613FD81988E67200C1E004 /* StoreKit.framework */,
				98613FBA1988E65E00C1E004 /* AVFoundation.framework */,
				98613FBB1988E65E00C1E004 /* CFNetwork.framework */,
				98613FBC1988E65E00C1E004 /* CoreData.framework */,
				98613FBD1988E65E00C1E004 /* CoreLocation.framework */,
				98613FBE1988E65E00C1E004 /* CoreMedia.framework */,
				98613FBF1988E65E00C1E004 /* CoreMotion.framework */,
				98613FC01988E65E00C1E004 /* CoreTelephony.framework */,
				98613FC11988E65E00C1E004 /* EventKit.framework */,
				98613FC21988E65E00C1E004 /* EventKitUI.framework */,
				98613FC31988E65E00C1E004 /* MediaPlayer.framework */,
				98613FC41988E65E00C1E004 /* MessageUI.framework */,
				98613FC51988E65E00C1E004 /* MobileCoreServices.framework */,
				98613FC61988E65E00C1E004 /* QuartzCore.framework */,
				98613FC71988E65E00C1E004 /* Security.framework */,
				98613FC81988E65E00C1E004 /* SystemConfiguration.framework */,
				98613FB81988E60400C1E004 /* AudioToolbox.framework */,
				985754E01987EBE300E865C7 /* ADTECHMobileSDK.framework */,
				9856D98E1987D86B00B6804C /* Foundation.framework */,
				9856D9901987D86B00B6804C /* CoreGraphics.framework */,
				9856D9921987D86B00B6804C /* UIKit.framework */,
				9856D9A71987D86B00B6804C /* XCTest.framework */,
				A60F40D7A3D540608A9F4B27 /* libPods-SAMobileSDK.a */,
			);
			name = Frameworks;
			sourceTree = "<group>";
		};
		9856D9941987D86B00B6804C /* SAMobileSDK */ = {
			isa = PBXGroup;
			children = (
				98A471C219AC02BF0068B5C8 /* Storyboard.storyboard */,
				9856D9A01987D86B00B6804C /* Images.xcassets */,
				9856D99D1987D86B00B6804C /* AppDelegate.h */,
				9856D99E1987D86B00B6804C /* AppDelegate.m */,
				98A4720B19AC85060068B5C8 /* ViewControllers */,
				980E88AF199399EB009393DD /* NSString+URLEncode.h */,
				980E88B0199399EB009393DD /* NSString+URLEncode.m */,
				980E88AE199397AC009393DD /* Models */,
				98613FE01988EA3D00C1E004 /* Classes */,
				98613FE91988ECC900C1E004 /* Resources */,
				9856D9951987D86B00B6804C /* Supporting Files */,
			);
			path = SAMobileSDK;
			sourceTree = "<group>";
		};
		9856D9951987D86B00B6804C /* Supporting Files */ = {
			isa = PBXGroup;
			children = (
				9856D9961987D86B00B6804C /* SAMobileSDK-Info.plist */,
				9856D9971987D86B00B6804C /* InfoPlist.strings */,
				9856D99A1987D86B00B6804C /* main.m */,
				9856D99C1987D86B00B6804C /* SAMobileSDK-Prefix.pch */,
			);
			name = "Supporting Files";
			sourceTree = "<group>";
		};
		9856D9AD1987D86B00B6804C /* SAMobileSDKTests */ = {
			isa = PBXGroup;
			children = (
				9856D9B31987D86B00B6804C /* SAMobileSDKTests.m */,
				9856D9AE1987D86B00B6804C /* Supporting Files */,
			);
			path = SAMobileSDKTests;
			sourceTree = "<group>";
		};
		9856D9AE1987D86B00B6804C /* Supporting Files */ = {
			isa = PBXGroup;
			children = (
				9856D9AF1987D86B00B6804C /* SAMobileSDKTests-Info.plist */,
				9856D9B01987D86B00B6804C /* InfoPlist.strings */,
			);
			name = "Supporting Files";
			sourceTree = "<group>";
		};
		98613FE01988EA3D00C1E004 /* Classes */ = {
			isa = PBXGroup;
			children = (
				98613FE41988EA3D00C1E004 /* SuperAwesome.h */,
				98613FE51988EA3D00C1E004 /* SuperAwesome.m */,
				98AAAABF19991E6200B7E2B2 /* Categories */,
				984B379219A60A98005386CC /* Models */,
				98AD4D21199A1EC000915410 /* Advertising */,
				98AD4D22199A1ED900915410 /* Loyalty */,
			);
			path = Classes;
			sourceTree = "<group>";
		};
		98613FE91988ECC900C1E004 /* Resources */ = {
			isa = PBXGroup;
			children = (
				98FF7A541990DF66003E87B0 /* sa_login.png */,
				980E5F3B198FCD2000608828 /* login */,
				987FF08E19890B8700578014 /* SABannerViewController.xib */,
				98AAAAB51998FB8100B7E2B2 /* SALoginWebViewController.xib */,
				98613FEA1988ECC900C1E004 /* ADTECHAdConfiguration.plist */,
				98613FEB1988ECC900C1E004 /* ADTECHMobileSDK.bundle */,
			);
			path = Resources;
			sourceTree = "<group>";
		};
		98A4720B19AC85060068B5C8 /* ViewControllers */ = {
			isa = PBXGroup;
			children = (
				98CF200D198B926100FD5896 /* ViewController.h */,
				98CF200E198B926100FD5896 /* ViewController.m */,
				98A4720C19AC86850068B5C8 /* SignInViewController.h */,
				98A4720D19AC86850068B5C8 /* SignInViewController.m */,
				98A4720519AC84DD0068B5C8 /* BannerViewController.h */,
				98A4720619AC84DD0068B5C8 /* BannerViewController.m */,
				98A4720819AC84F40068B5C8 /* InterstitialViewController.h */,
				98A4720919AC84F40068B5C8 /* InterstitialViewController.m */,
			);
			name = ViewControllers;
			sourceTree = "<group>";
		};
		98AAAAB71999195300B7E2B2 /* Login */ = {
			isa = PBXGroup;
			children = (
				98CF2008198B91D000FD5896 /* SALoginViewController.h */,
				98CF2009198B91D000FD5896 /* SALoginViewController.m */,
				98CF2012198B9EE600FD5896 /* SALoginWebViewController.h */,
				98CF2013198B9EE600FD5896 /* SALoginWebViewController.m */,
			);
			name = Login;
			sourceTree = "<group>";
		};
		98AAAABB19991A8B00B7E2B2 /* Banner */ = {
			isa = PBXGroup;
			children = (
				98AAAAB819991A8000B7E2B2 /* SABannerView.h */,
				98AAAAB919991A8000B7E2B2 /* SABannerView.m */,
			);
			name = Banner;
			sourceTree = "<group>";
		};
		98AAAABF19991E6200B7E2B2 /* Categories */ = {
			isa = PBXGroup;
			children = (
				98AAAABC19991E5D00B7E2B2 /* UIView+FindUIViewController.h */,
				98AAAABD19991E5D00B7E2B2 /* UIView+FindUIViewController.m */,
			);
			name = Categories;
			sourceTree = "<group>";
		};
		98AD4D1F199A1EA400915410 /* Interstitial */ = {
			isa = PBXGroup;
			children = (
				98AD4D1C199A1EA000915410 /* SAInterstitialView.h */,
				98AD4D1D199A1EA000915410 /* SAInterstitialView.m */,
			);
			name = Interstitial;
			sourceTree = "<group>";
		};
		98AD4D21199A1EC000915410 /* Advertising */ = {
			isa = PBXGroup;
			children = (
				98AAAABB19991A8B00B7E2B2 /* Banner */,
				98AD4D1F199A1EA400915410 /* Interstitial */,
			);
			name = Advertising;
			sourceTree = "<group>";
		};
		98AD4D22199A1ED900915410 /* Loyalty */ = {
			isa = PBXGroup;
			children = (
				98AAAAB71999195300B7E2B2 /* Login */,
			);
			name = Loyalty;
			sourceTree = "<group>";
		};
/* End PBXGroup section */

/* Begin PBXNativeTarget section */
		9856D98A1987D86B00B6804C /* SAMobileSDK */ = {
			isa = PBXNativeTarget;
			buildConfigurationList = 9856D9B71987D86B00B6804C /* Build configuration list for PBXNativeTarget "SAMobileSDK" */;
			buildPhases = (
				033A29B7014544E9A64B4C7D /* Check Pods Manifest.lock */,
				9856D9871987D86B00B6804C /* Sources */,
				9856D9881987D86B00B6804C /* Frameworks */,
				9856D9891987D86B00B6804C /* Resources */,
				98CC0530269B4BC99DC925B7 /* Copy Pods Resources */,
			);
			buildRules = (
			);
			dependencies = (
			);
			name = SAMobileSDK;
			productName = SAMobileSDK;
			productReference = 9856D98B1987D86B00B6804C /* SAMobileSDK.app */;
			productType = "com.apple.product-type.application";
		};
		9856D9A51987D86B00B6804C /* SAMobileSDKTests */ = {
			isa = PBXNativeTarget;
			buildConfigurationList = 9856D9BA1987D86B00B6804C /* Build configuration list for PBXNativeTarget "SAMobileSDKTests" */;
			buildPhases = (
				9856D9A21987D86B00B6804C /* Sources */,
				9856D9A31987D86B00B6804C /* Frameworks */,
				9856D9A41987D86B00B6804C /* Resources */,
			);
			buildRules = (
			);
			dependencies = (
				9856D9AC1987D86B00B6804C /* PBXTargetDependency */,
			);
			name = SAMobileSDKTests;
			productName = SAMobileSDKTests;
			productReference = 9856D9A61987D86B00B6804C /* SAMobileSDKTests.xctest */;
			productType = "com.apple.product-type.bundle.unit-test";
		};
/* End PBXNativeTarget section */

/* Begin PBXProject section */
		9856D9831987D86B00B6804C /* Project object */ = {
			isa = PBXProject;
			attributes = {
				LastUpgradeCheck = 0510;
				ORGANIZATIONNAME = "SuperAwesome Ltd";
				TargetAttributes = {
					9856D9A51987D86B00B6804C = {
						TestTargetID = 9856D98A1987D86B00B6804C;
					};
				};
			};
			buildConfigurationList = 9856D9861987D86B00B6804C /* Build configuration list for PBXProject "SAMobileSDK" */;
			compatibilityVersion = "Xcode 3.2";
			developmentRegion = English;
			hasScannedForEncodings = 0;
			knownRegions = (
				en,
			);
			mainGroup = 9856D9821987D86B00B6804C;
			productRefGroup = 9856D98C1987D86B00B6804C /* Products */;
			projectDirPath = "";
			projectRoot = "";
			targets = (
				9856D98A1987D86B00B6804C /* SAMobileSDK */,
				9856D9A51987D86B00B6804C /* SAMobileSDKTests */,
			);
		};
/* End PBXProject section */

/* Begin PBXResourcesBuildPhase section */
		9856D9891987D86B00B6804C /* Resources */ = {
			isa = PBXResourcesBuildPhase;
			buildActionMask = 2147483647;
			files = (
				980E5F3C198FCD2000608828 /* login in Resources */,
				98AAAAB61998FB8100B7E2B2 /* SALoginWebViewController.xib in Resources */,
				987FF08F19890B8700578014 /* SABannerViewController.xib in Resources */,
				9856D9991987D86B00B6804C /* InfoPlist.strings in Resources */,
				98613FED1988ECC900C1E004 /* ADTECHMobileSDK.bundle in Resources */,
				9856D9A11987D86B00B6804C /* Images.xcassets in Resources */,
				98613FEC1988ECC900C1E004 /* ADTECHAdConfiguration.plist in Resources */,
				98FF7A551990DF66003E87B0 /* sa_login.png in Resources */,
				98A471C319AC02BF0068B5C8 /* Storyboard.storyboard in Resources */,
			);
			runOnlyForDeploymentPostprocessing = 0;
		};
		9856D9A41987D86B00B6804C /* Resources */ = {
			isa = PBXResourcesBuildPhase;
			buildActionMask = 2147483647;
			files = (
				9856D9B21987D86B00B6804C /* InfoPlist.strings in Resources */,
			);
			runOnlyForDeploymentPostprocessing = 0;
		};
/* End PBXResourcesBuildPhase section */

/* Begin PBXShellScriptBuildPhase section */
		033A29B7014544E9A64B4C7D /* Check Pods Manifest.lock */ = {
			isa = PBXShellScriptBuildPhase;
			buildActionMask = 2147483647;
			files = (
			);
			inputPaths = (
			);
			name = "Check Pods Manifest.lock";
			outputPaths = (
			);
			runOnlyForDeploymentPostprocessing = 0;
			shellPath = /bin/sh;
			shellScript = "diff \"${PODS_ROOT}/../Podfile.lock\" \"${PODS_ROOT}/Manifest.lock\" > /dev/null\nif [[ $? != 0 ]] ; then\n    cat << EOM\nerror: The sandbox is not in sync with the Podfile.lock. Run 'pod install' or update your CocoaPods installation.\nEOM\n    exit 1\nfi\n";
			showEnvVarsInLog = 0;
		};
		98CC0530269B4BC99DC925B7 /* Copy Pods Resources */ = {
			isa = PBXShellScriptBuildPhase;
			buildActionMask = 2147483647;
			files = (
			);
			inputPaths = (
			);
			name = "Copy Pods Resources";
			outputPaths = (
			);
			runOnlyForDeploymentPostprocessing = 0;
			shellPath = /bin/sh;
			shellScript = "\"${SRCROOT}/Pods/Pods-SAMobileSDK-resources.sh\"\n";
			showEnvVarsInLog = 0;
		};
/* End PBXShellScriptBuildPhase section */

/* Begin PBXSourcesBuildPhase section */
		9856D9871987D86B00B6804C /* Sources */ = {
			isa = PBXSourcesBuildPhase;
			buildActionMask = 2147483647;
			files = (
				98CF2010198B926100FD5896 /* ViewController.m in Sources */,
				980E88AA199396D7009393DD /* SATokenResponse.m in Sources */,
				98A4720A19AC84F40068B5C8 /* InterstitialViewController.m in Sources */,
				98A4720E19AC86850068B5C8 /* SignInViewController.m in Sources */,
				98AD4D1E199A1EA000915410 /* SAInterstitialView.m in Sources */,
				98CF200B198B91D000FD5896 /* SALoginViewController.m in Sources */,
				9856D99F1987D86B00B6804C /* AppDelegate.m in Sources */,
				980E88B1199399EB009393DD /* NSString+URLEncode.m in Sources */,
				980E88AD1993974A009393DD /* SAUser.m in Sources */,
				98613FE81988EA3D00C1E004 /* SuperAwesome.m in Sources */,
				98AAAABA19991A8000B7E2B2 /* SABannerView.m in Sources */,
				9856D99B1987D86B00B6804C /* main.m in Sources */,
				984B379119A60678005386CC /* SAAdPlacement.m in Sources */,
				98AAAABE19991E5D00B7E2B2 /* UIView+FindUIViewController.m in Sources */,
				984B378E19A605E4005386CC /* SAServerResponse.m in Sources */,
				98CF2015198B9EE600FD5896 /* SALoginWebViewController.m in Sources */,
				98A4720719AC84DD0068B5C8 /* BannerViewController.m in Sources */,
			);
			runOnlyForDeploymentPostprocessing = 0;
		};
		9856D9A21987D86B00B6804C /* Sources */ = {
			isa = PBXSourcesBuildPhase;
			buildActionMask = 2147483647;
			files = (
				9856D9B41987D86B00B6804C /* SAMobileSDKTests.m in Sources */,
			);
			runOnlyForDeploymentPostprocessing = 0;
		};
/* End PBXSourcesBuildPhase section */

/* Begin PBXTargetDependency section */
		9856D9AC1987D86B00B6804C /* PBXTargetDependency */ = {
			isa = PBXTargetDependency;
			target = 9856D98A1987D86B00B6804C /* SAMobileSDK */;
			targetProxy = 9856D9AB1987D86B00B6804C /* PBXContainerItemProxy */;
		};
/* End PBXTargetDependency section */

/* Begin PBXVariantGroup section */
		9856D9971987D86B00B6804C /* InfoPlist.strings */ = {
			isa = PBXVariantGroup;
			children = (
				9856D9981987D86B00B6804C /* en */,
			);
			name = InfoPlist.strings;
			sourceTree = "<group>";
		};
		9856D9B01987D86B00B6804C /* InfoPlist.strings */ = {
			isa = PBXVariantGroup;
			children = (
				9856D9B11987D86B00B6804C /* en */,
			);
			name = InfoPlist.strings;
			sourceTree = "<group>";
		};
/* End PBXVariantGroup section */

/* Begin XCBuildConfiguration section */
		9856D9B51987D86B00B6804C /* Debug */ = {
			isa = XCBuildConfiguration;
			buildSettings = {
				ALWAYS_SEARCH_USER_PATHS = NO;
				CLANG_CXX_LANGUAGE_STANDARD = "gnu++0x";
				CLANG_CXX_LIBRARY = "libc++";
				CLANG_ENABLE_MODULES = YES;
				CLANG_ENABLE_OBJC_ARC = YES;
				CLANG_WARN_BOOL_CONVERSION = YES;
				CLANG_WARN_CONSTANT_CONVERSION = YES;
				CLANG_WARN_DIRECT_OBJC_ISA_USAGE = YES_ERROR;
				CLANG_WARN_EMPTY_BODY = YES;
				CLANG_WARN_ENUM_CONVERSION = YES;
				CLANG_WARN_INT_CONVERSION = YES;
				CLANG_WARN_OBJC_ROOT_CLASS = YES_ERROR;
				CLANG_WARN__DUPLICATE_METHOD_MATCH = YES;
				"CODE_SIGN_IDENTITY[sdk=iphoneos*]" = "iPhone Developer";
				COPY_PHASE_STRIP = NO;
				GCC_C_LANGUAGE_STANDARD = gnu99;
				GCC_DYNAMIC_NO_PIC = NO;
				GCC_OPTIMIZATION_LEVEL = 0;
				GCC_PREPROCESSOR_DEFINITIONS = (
					"DEBUG=1",
					"$(inherited)",
				);
				GCC_SYMBOLS_PRIVATE_EXTERN = NO;
				GCC_WARN_64_TO_32_BIT_CONVERSION = YES;
				GCC_WARN_ABOUT_RETURN_TYPE = YES_ERROR;
				GCC_WARN_UNDECLARED_SELECTOR = YES;
				GCC_WARN_UNINITIALIZED_AUTOS = YES_AGGRESSIVE;
				GCC_WARN_UNUSED_FUNCTION = YES;
				GCC_WARN_UNUSED_VARIABLE = YES;
				IPHONEOS_DEPLOYMENT_TARGET = 7.1;
				ONLY_ACTIVE_ARCH = YES;
				SDKROOT = iphoneos;
				TARGETED_DEVICE_FAMILY = "1,2";
			};
			name = Debug;
		};
		9856D9B61987D86B00B6804C /* Release */ = {
			isa = XCBuildConfiguration;
			buildSettings = {
				ALWAYS_SEARCH_USER_PATHS = NO;
				CLANG_CXX_LANGUAGE_STANDARD = "gnu++0x";
				CLANG_CXX_LIBRARY = "libc++";
				CLANG_ENABLE_MODULES = YES;
				CLANG_ENABLE_OBJC_ARC = YES;
				CLANG_WARN_BOOL_CONVERSION = YES;
				CLANG_WARN_CONSTANT_CONVERSION = YES;
				CLANG_WARN_DIRECT_OBJC_ISA_USAGE = YES_ERROR;
				CLANG_WARN_EMPTY_BODY = YES;
				CLANG_WARN_ENUM_CONVERSION = YES;
				CLANG_WARN_INT_CONVERSION = YES;
				CLANG_WARN_OBJC_ROOT_CLASS = YES_ERROR;
				CLANG_WARN__DUPLICATE_METHOD_MATCH = YES;
				"CODE_SIGN_IDENTITY[sdk=iphoneos*]" = "iPhone Developer";
				COPY_PHASE_STRIP = YES;
				ENABLE_NS_ASSERTIONS = NO;
				GCC_C_LANGUAGE_STANDARD = gnu99;
				GCC_WARN_64_TO_32_BIT_CONVERSION = YES;
				GCC_WARN_ABOUT_RETURN_TYPE = YES_ERROR;
				GCC_WARN_UNDECLARED_SELECTOR = YES;
				GCC_WARN_UNINITIALIZED_AUTOS = YES_AGGRESSIVE;
				GCC_WARN_UNUSED_FUNCTION = YES;
				GCC_WARN_UNUSED_VARIABLE = YES;
				IPHONEOS_DEPLOYMENT_TARGET = 7.1;
				SDKROOT = iphoneos;
				TARGETED_DEVICE_FAMILY = "1,2";
				VALIDATE_PRODUCT = YES;
			};
			name = Release;
		};
		9856D9B81987D86B00B6804C /* Debug */ = {
			isa = XCBuildConfiguration;
			baseConfigurationReference = 57F5CCA210A94DFB962966E6 /* Pods-SAMobileSDK.xcconfig */;
			buildSettings = {
				ASSETCATALOG_COMPILER_APPICON_NAME = AppIcon;
				ASSETCATALOG_COMPILER_LAUNCHIMAGE_NAME = LaunchImage;
				FRAMEWORK_SEARCH_PATHS = (
					"$(inherited)",
					"$(PROJECT_DIR)",
				);
				GCC_PRECOMPILE_PREFIX_HEADER = YES;
				GCC_PREFIX_HEADER = "SAMobileSDK/SAMobileSDK-Prefix.pch";
				INFOPLIST_FILE = "SAMobileSDK/SAMobileSDK-Info.plist";
				OTHER_LDFLAGS = "-ObjC";
				PRODUCT_NAME = "$(TARGET_NAME)";
				TARGETED_DEVICE_FAMILY = 1;
				WRAPPER_EXTENSION = app;
			};
			name = Debug;
		};
		9856D9B91987D86B00B6804C /* Release */ = {
			isa = XCBuildConfiguration;
			baseConfigurationReference = 57F5CCA210A94DFB962966E6 /* Pods-SAMobileSDK.xcconfig */;
			buildSettings = {
				ASSETCATALOG_COMPILER_APPICON_NAME = AppIcon;
				ASSETCATALOG_COMPILER_LAUNCHIMAGE_NAME = LaunchImage;
				FRAMEWORK_SEARCH_PATHS = (
					"$(inherited)",
					"$(PROJECT_DIR)",
				);
				GCC_PRECOMPILE_PREFIX_HEADER = YES;
				GCC_PREFIX_HEADER = "SAMobileSDK/SAMobileSDK-Prefix.pch";
				INFOPLIST_FILE = "SAMobileSDK/SAMobileSDK-Info.plist";
				OTHER_LDFLAGS = "-ObjC";
				PRODUCT_NAME = "$(TARGET_NAME)";
				TARGETED_DEVICE_FAMILY = 1;
				WRAPPER_EXTENSION = app;
			};
			name = Release;
		};
		9856D9BB1987D86B00B6804C /* Debug */ = {
			isa = XCBuildConfiguration;
			buildSettings = {
				BUNDLE_LOADER = "$(BUILT_PRODUCTS_DIR)/SAMobileSDK.app/SAMobileSDK";
				FRAMEWORK_SEARCH_PATHS = (
					"$(SDKROOT)/Developer/Library/Frameworks",
					"$(inherited)",
					"$(DEVELOPER_FRAMEWORKS_DIR)",
				);
				GCC_PRECOMPILE_PREFIX_HEADER = YES;
				GCC_PREFIX_HEADER = "SAMobileSDK/SAMobileSDK-Prefix.pch";
				GCC_PREPROCESSOR_DEFINITIONS = (
					"DEBUG=1",
					"$(inherited)",
				);
				INFOPLIST_FILE = "SAMobileSDKTests/SAMobileSDKTests-Info.plist";
				PRODUCT_NAME = "$(TARGET_NAME)";
				TEST_HOST = "$(BUNDLE_LOADER)";
				WRAPPER_EXTENSION = xctest;
			};
			name = Debug;
		};
		9856D9BC1987D86B00B6804C /* Release */ = {
			isa = XCBuildConfiguration;
			buildSettings = {
				BUNDLE_LOADER = "$(BUILT_PRODUCTS_DIR)/SAMobileSDK.app/SAMobileSDK";
				FRAMEWORK_SEARCH_PATHS = (
					"$(SDKROOT)/Developer/Library/Frameworks",
					"$(inherited)",
					"$(DEVELOPER_FRAMEWORKS_DIR)",
				);
				GCC_PRECOMPILE_PREFIX_HEADER = YES;
				GCC_PREFIX_HEADER = "SAMobileSDK/SAMobileSDK-Prefix.pch";
				INFOPLIST_FILE = "SAMobileSDKTests/SAMobileSDKTests-Info.plist";
				PRODUCT_NAME = "$(TARGET_NAME)";
				TEST_HOST = "$(BUNDLE_LOADER)";
				WRAPPER_EXTENSION = xctest;
			};
			name = Release;
		};
/* End XCBuildConfiguration section */

/* Begin XCConfigurationList section */
		9856D9861987D86B00B6804C /* Build configuration list for PBXProject "SAMobileSDK" */ = {
			isa = XCConfigurationList;
			buildConfigurations = (
				9856D9B51987D86B00B6804C /* Debug */,
				9856D9B61987D86B00B6804C /* Release */,
			);
			defaultConfigurationIsVisible = 0;
			defaultConfigurationName = Release;
		};
		9856D9B71987D86B00B6804C /* Build configuration list for PBXNativeTarget "SAMobileSDK" */ = {
			isa = XCConfigurationList;
			buildConfigurations = (
				9856D9B81987D86B00B6804C /* Debug */,
				9856D9B91987D86B00B6804C /* Release */,
			);
			defaultConfigurationIsVisible = 0;
			defaultConfigurationName = Release;
		};
		9856D9BA1987D86B00B6804C /* Build configuration list for PBXNativeTarget "SAMobileSDKTests" */ = {
			isa = XCConfigurationList;
			buildConfigurations = (
				9856D9BB1987D86B00B6804C /* Debug */,
				9856D9BC1987D86B00B6804C /* Release */,
			);
			defaultConfigurationIsVisible = 0;
			defaultConfigurationName = Release;
		};
/* End XCConfigurationList section */
	};
	rootObject = 9856D9831987D86B00B6804C /* Project object */;
}
