// !$*UTF8*$!
{
	archiveVersion = 1;
	classes = {
	};
	objectVersion = 46;
	objects = {

/* Begin PBXBuildFile section */
		1BD039F81BDE4B49007E48F4 /* main.m in Sources */ = {isa = PBXBuildFile; fileRef = 1BD039F71BDE4B49007E48F4 /* main.m */; };
		1BD039FB1BDE4B49007E48F4 /* AppDelegate.m in Sources */ = {isa = PBXBuildFile; fileRef = 1BD039FA1BDE4B49007E48F4 /* AppDelegate.m */; };
		1BD039FE1BDE4B49007E48F4 /* ViewController.m in Sources */ = {isa = PBXBuildFile; fileRef = 1BD039FD1BDE4B49007E48F4 /* ViewController.m */; };
		1BD03A011BDE4B49007E48F4 /* Main.storyboard in Resources */ = {isa = PBXBuildFile; fileRef = 1BD039FF1BDE4B49007E48F4 /* Main.storyboard */; };
		1BD03A031BDE4B49007E48F4 /* Assets.xcassets in Resources */ = {isa = PBXBuildFile; fileRef = 1BD03A021BDE4B49007E48F4 /* Assets.xcassets */; };
		1BD03A061BDE4B49007E48F4 /* LaunchScreen.storyboard in Resources */ = {isa = PBXBuildFile; fileRef = 1BD03A041BDE4B49007E48F4 /* LaunchScreen.storyboard */; };
		1BD03A111BDE4B4A007E48F4 /* SAMoPubIntegrationDemoTests.m in Sources */ = {isa = PBXBuildFile; fileRef = 1BD03A101BDE4B4A007E48F4 /* SAMoPubIntegrationDemoTests.m */; };
		1BD03A1C1BDE4B4A007E48F4 /* SAMoPubIntegrationDemoUITests.m in Sources */ = {isa = PBXBuildFile; fileRef = 1BD03A1B1BDE4B4A007E48F4 /* SAMoPubIntegrationDemoUITests.m */; };
/* End PBXBuildFile section */

/* Begin PBXContainerItemProxy section */
		1BD03A0D1BDE4B4A007E48F4 /* PBXContainerItemProxy */ = {
			isa = PBXContainerItemProxy;
			containerPortal = 1BD039EB1BDE4B49007E48F4 /* Project object */;
			proxyType = 1;
			remoteGlobalIDString = 1BD039F21BDE4B49007E48F4;
			remoteInfo = SAMoPubIntegrationDemo;
		};
		1BD03A181BDE4B4A007E48F4 /* PBXContainerItemProxy */ = {
			isa = PBXContainerItemProxy;
			containerPortal = 1BD039EB1BDE4B49007E48F4 /* Project object */;
			proxyType = 1;
			remoteGlobalIDString = 1BD039F21BDE4B49007E48F4;
			remoteInfo = SAMoPubIntegrationDemo;
		};
/* End PBXContainerItemProxy section */

/* Begin PBXFileReference section */
		1BD039F31BDE4B49007E48F4 /* SAMoPubIntegrationDemo.app */ = {isa = PBXFileReference; explicitFileType = wrapper.application; includeInIndex = 0; path = SAMoPubIntegrationDemo.app; sourceTree = BUILT_PRODUCTS_DIR; };
		1BD039F71BDE4B49007E48F4 /* main.m */ = {isa = PBXFileReference; lastKnownFileType = sourcecode.c.objc; path = main.m; sourceTree = "<group>"; };
		1BD039F91BDE4B49007E48F4 /* AppDelegate.h */ = {isa = PBXFileReference; lastKnownFileType = sourcecode.c.h; path = AppDelegate.h; sourceTree = "<group>"; };
		1BD039FA1BDE4B49007E48F4 /* AppDelegate.m */ = {isa = PBXFileReference; lastKnownFileType = sourcecode.c.objc; path = AppDelegate.m; sourceTree = "<group>"; };
		1BD039FC1BDE4B49007E48F4 /* ViewController.h */ = {isa = PBXFileReference; lastKnownFileType = sourcecode.c.h; path = ViewController.h; sourceTree = "<group>"; };
		1BD039FD1BDE4B49007E48F4 /* ViewController.m */ = {isa = PBXFileReference; lastKnownFileType = sourcecode.c.objc; path = ViewController.m; sourceTree = "<group>"; };
		1BD03A001BDE4B49007E48F4 /* Base */ = {isa = PBXFileReference; lastKnownFileType = file.storyboard; name = Base; path = Base.lproj/Main.storyboard; sourceTree = "<group>"; };
		1BD03A021BDE4B49007E48F4 /* Assets.xcassets */ = {isa = PBXFileReference; lastKnownFileType = folder.assetcatalog; path = Assets.xcassets; sourceTree = "<group>"; };
		1BD03A051BDE4B49007E48F4 /* Base */ = {isa = PBXFileReference; lastKnownFileType = file.storyboard; name = Base; path = Base.lproj/LaunchScreen.storyboard; sourceTree = "<group>"; };
		1BD03A071BDE4B49007E48F4 /* Info.plist */ = {isa = PBXFileReference; lastKnownFileType = text.plist.xml; path = Info.plist; sourceTree = "<group>"; };
		1BD03A0C1BDE4B4A007E48F4 /* SAMoPubIntegrationDemoTests.xctest */ = {isa = PBXFileReference; explicitFileType = wrapper.cfbundle; includeInIndex = 0; path = SAMoPubIntegrationDemoTests.xctest; sourceTree = BUILT_PRODUCTS_DIR; };
		1BD03A101BDE4B4A007E48F4 /* SAMoPubIntegrationDemoTests.m */ = {isa = PBXFileReference; lastKnownFileType = sourcecode.c.objc; path = SAMoPubIntegrationDemoTests.m; sourceTree = "<group>"; };
		1BD03A121BDE4B4A007E48F4 /* Info.plist */ = {isa = PBXFileReference; lastKnownFileType = text.plist.xml; path = Info.plist; sourceTree = "<group>"; };
		1BD03A171BDE4B4A007E48F4 /* SAMoPubIntegrationDemoUITests.xctest */ = {isa = PBXFileReference; explicitFileType = wrapper.cfbundle; includeInIndex = 0; path = SAMoPubIntegrationDemoUITests.xctest; sourceTree = BUILT_PRODUCTS_DIR; };
		1BD03A1B1BDE4B4A007E48F4 /* SAMoPubIntegrationDemoUITests.m */ = {isa = PBXFileReference; lastKnownFileType = sourcecode.c.objc; path = SAMoPubIntegrationDemoUITests.m; sourceTree = "<group>"; };
		1BD03A1D1BDE4B4A007E48F4 /* Info.plist */ = {isa = PBXFileReference; lastKnownFileType = text.plist.xml; path = Info.plist; sourceTree = "<group>"; };
/* End PBXFileReference section */

/* Begin PBXFrameworksBuildPhase section */
		1BD039F01BDE4B49007E48F4 /* Frameworks */ = {
			isa = PBXFrameworksBuildPhase;
			buildActionMask = 2147483647;
			files = (
			);
			runOnlyForDeploymentPostprocessing = 0;
		};
		1BD03A091BDE4B49007E48F4 /* Frameworks */ = {
			isa = PBXFrameworksBuildPhase;
			buildActionMask = 2147483647;
			files = (
			);
			runOnlyForDeploymentPostprocessing = 0;
		};
		1BD03A141BDE4B4A007E48F4 /* Frameworks */ = {
			isa = PBXFrameworksBuildPhase;
			buildActionMask = 2147483647;
			files = (
			);
			runOnlyForDeploymentPostprocessing = 0;
		};
/* End PBXFrameworksBuildPhase section */

/* Begin PBXGroup section */
		1BD039EA1BDE4B49007E48F4 = {
			isa = PBXGroup;
			children = (
				1BD039F51BDE4B49007E48F4 /* SAMoPubIntegrationDemo */,
				1BD03A0F1BDE4B4A007E48F4 /* SAMoPubIntegrationDemoTests */,
				1BD03A1A1BDE4B4A007E48F4 /* SAMoPubIntegrationDemoUITests */,
				1BD039F41BDE4B49007E48F4 /* Products */,
			);
			sourceTree = "<group>";
		};
		1BD039F41BDE4B49007E48F4 /* Products */ = {
			isa = PBXGroup;
			children = (
				1BD039F31BDE4B49007E48F4 /* SAMoPubIntegrationDemo.app */,
				1BD03A0C1BDE4B4A007E48F4 /* SAMoPubIntegrationDemoTests.xctest */,
				1BD03A171BDE4B4A007E48F4 /* SAMoPubIntegrationDemoUITests.xctest */,
			);
			name = Products;
			sourceTree = "<group>";
		};
		1BD039F51BDE4B49007E48F4 /* SAMoPubIntegrationDemo */ = {
			isa = PBXGroup;
			children = (
				1BD039F91BDE4B49007E48F4 /* AppDelegate.h */,
				1BD039FA1BDE4B49007E48F4 /* AppDelegate.m */,
				1BD039FC1BDE4B49007E48F4 /* ViewController.h */,
				1BD039FD1BDE4B49007E48F4 /* ViewController.m */,
				1BD039FF1BDE4B49007E48F4 /* Main.storyboard */,
				1BD03A021BDE4B49007E48F4 /* Assets.xcassets */,
				1BD03A041BDE4B49007E48F4 /* LaunchScreen.storyboard */,
				1BD03A071BDE4B49007E48F4 /* Info.plist */,
				1BD039F61BDE4B49007E48F4 /* Supporting Files */,
			);
			path = SAMoPubIntegrationDemo;
			sourceTree = "<group>";
		};
		1BD039F61BDE4B49007E48F4 /* Supporting Files */ = {
			isa = PBXGroup;
			children = (
				1BD039F71BDE4B49007E48F4 /* main.m */,
			);
			name = "Supporting Files";
			sourceTree = "<group>";
		};
		1BD03A0F1BDE4B4A007E48F4 /* SAMoPubIntegrationDemoTests */ = {
			isa = PBXGroup;
			children = (
				1BD03A101BDE4B4A007E48F4 /* SAMoPubIntegrationDemoTests.m */,
				1BD03A121BDE4B4A007E48F4 /* Info.plist */,
			);
			path = SAMoPubIntegrationDemoTests;
			sourceTree = "<group>";
		};
		1BD03A1A1BDE4B4A007E48F4 /* SAMoPubIntegrationDemoUITests */ = {
			isa = PBXGroup;
			children = (
				1BD03A1B1BDE4B4A007E48F4 /* SAMoPubIntegrationDemoUITests.m */,
				1BD03A1D1BDE4B4A007E48F4 /* Info.plist */,
			);
			path = SAMoPubIntegrationDemoUITests;
			sourceTree = "<group>";
		};
/* End PBXGroup section */

/* Begin PBXNativeTarget section */
		1BD039F21BDE4B49007E48F4 /* SAMoPubIntegrationDemo */ = {
			isa = PBXNativeTarget;
			buildConfigurationList = 1BD03A201BDE4B4A007E48F4 /* Build configuration list for PBXNativeTarget "SAMoPubIntegrationDemo" */;
			buildPhases = (
				1BD039EF1BDE4B49007E48F4 /* Sources */,
				1BD039F01BDE4B49007E48F4 /* Frameworks */,
				1BD039F11BDE4B49007E48F4 /* Resources */,
			);
			buildRules = (
			);
			dependencies = (
			);
			name = SAMoPubIntegrationDemo;
			productName = SAMoPubIntegrationDemo;
			productReference = 1BD039F31BDE4B49007E48F4 /* SAMoPubIntegrationDemo.app */;
			productType = "com.apple.product-type.application";
		};
		1BD03A0B1BDE4B49007E48F4 /* SAMoPubIntegrationDemoTests */ = {
			isa = PBXNativeTarget;
			buildConfigurationList = 1BD03A231BDE4B4A007E48F4 /* Build configuration list for PBXNativeTarget "SAMoPubIntegrationDemoTests" */;
			buildPhases = (
				1BD03A081BDE4B49007E48F4 /* Sources */,
				1BD03A091BDE4B49007E48F4 /* Frameworks */,
				1BD03A0A1BDE4B49007E48F4 /* Resources */,
			);
			buildRules = (
			);
			dependencies = (
				1BD03A0E1BDE4B4A007E48F4 /* PBXTargetDependency */,
			);
			name = SAMoPubIntegrationDemoTests;
			productName = SAMoPubIntegrationDemoTests;
			productReference = 1BD03A0C1BDE4B4A007E48F4 /* SAMoPubIntegrationDemoTests.xctest */;
			productType = "com.apple.product-type.bundle.unit-test";
		};
		1BD03A161BDE4B4A007E48F4 /* SAMoPubIntegrationDemoUITests */ = {
			isa = PBXNativeTarget;
			buildConfigurationList = 1BD03A261BDE4B4A007E48F4 /* Build configuration list for PBXNativeTarget "SAMoPubIntegrationDemoUITests" */;
			buildPhases = (
				1BD03A131BDE4B4A007E48F4 /* Sources */,
				1BD03A141BDE4B4A007E48F4 /* Frameworks */,
				1BD03A151BDE4B4A007E48F4 /* Resources */,
			);
			buildRules = (
			);
			dependencies = (
				1BD03A191BDE4B4A007E48F4 /* PBXTargetDependency */,
			);
			name = SAMoPubIntegrationDemoUITests;
			productName = SAMoPubIntegrationDemoUITests;
			productReference = 1BD03A171BDE4B4A007E48F4 /* SAMoPubIntegrationDemoUITests.xctest */;
			productType = "com.apple.product-type.bundle.ui-testing";
		};
/* End PBXNativeTarget section */

/* Begin PBXProject section */
		1BD039EB1BDE4B49007E48F4 /* Project object */ = {
			isa = PBXProject;
			attributes = {
				LastUpgradeCheck = 0700;
				ORGANIZATIONNAME = "Gabriel Coman";
				TargetAttributes = {
					1BD039F21BDE4B49007E48F4 = {
						CreatedOnToolsVersion = 7.0;
					};
					1BD03A0B1BDE4B49007E48F4 = {
						CreatedOnToolsVersion = 7.0;
						TestTargetID = 1BD039F21BDE4B49007E48F4;
					};
					1BD03A161BDE4B4A007E48F4 = {
						CreatedOnToolsVersion = 7.0;
						TestTargetID = 1BD039F21BDE4B49007E48F4;
					};
				};
			};
			buildConfigurationList = 1BD039EE1BDE4B49007E48F4 /* Build configuration list for PBXProject "SAMoPubIntegrationDemo" */;
			compatibilityVersion = "Xcode 3.2";
			developmentRegion = English;
			hasScannedForEncodings = 0;
			knownRegions = (
				en,
				Base,
			);
			mainGroup = 1BD039EA1BDE4B49007E48F4;
			productRefGroup = 1BD039F41BDE4B49007E48F4 /* Products */;
			projectDirPath = "";
			projectRoot = "";
			targets = (
				1BD039F21BDE4B49007E48F4 /* SAMoPubIntegrationDemo */,
				1BD03A0B1BDE4B49007E48F4 /* SAMoPubIntegrationDemoTests */,
				1BD03A161BDE4B4A007E48F4 /* SAMoPubIntegrationDemoUITests */,
			);
		};
/* End PBXProject section */

/* Begin PBXResourcesBuildPhase section */
		1BD039F11BDE4B49007E48F4 /* Resources */ = {
			isa = PBXResourcesBuildPhase;
			buildActionMask = 2147483647;
			files = (
				1BD03A061BDE4B49007E48F4 /* LaunchScreen.storyboard in Resources */,
				1BD03A031BDE4B49007E48F4 /* Assets.xcassets in Resources */,
				1BD03A011BDE4B49007E48F4 /* Main.storyboard in Resources */,
			);
			runOnlyForDeploymentPostprocessing = 0;
		};
		1BD03A0A1BDE4B49007E48F4 /* Resources */ = {
			isa = PBXResourcesBuildPhase;
			buildActionMask = 2147483647;
			files = (
			);
			runOnlyForDeploymentPostprocessing = 0;
		};
		1BD03A151BDE4B4A007E48F4 /* Resources */ = {
			isa = PBXResourcesBuildPhase;
			buildActionMask = 2147483647;
			files = (
			);
			runOnlyForDeploymentPostprocessing = 0;
		};
/* End PBXResourcesBuildPhase section */

/* Begin PBXSourcesBuildPhase section */
		1BD039EF1BDE4B49007E48F4 /* Sources */ = {
			isa = PBXSourcesBuildPhase;
			buildActionMask = 2147483647;
			files = (
				1BD039FE1BDE4B49007E48F4 /* ViewController.m in Sources */,
				1BD039FB1BDE4B49007E48F4 /* AppDelegate.m in Sources */,
				1BD039F81BDE4B49007E48F4 /* main.m in Sources */,
			);
			runOnlyForDeploymentPostprocessing = 0;
		};
		1BD03A081BDE4B49007E48F4 /* Sources */ = {
			isa = PBXSourcesBuildPhase;
			buildActionMask = 2147483647;
			files = (
				1BD03A111BDE4B4A007E48F4 /* SAMoPubIntegrationDemoTests.m in Sources */,
			);
			runOnlyForDeploymentPostprocessing = 0;
		};
		1BD03A131BDE4B4A007E48F4 /* Sources */ = {
			isa = PBXSourcesBuildPhase;
			buildActionMask = 2147483647;
			files = (
				1BD03A1C1BDE4B4A007E48F4 /* SAMoPubIntegrationDemoUITests.m in Sources */,
			);
			runOnlyForDeploymentPostprocessing = 0;
		};
/* End PBXSourcesBuildPhase section */

/* Begin PBXTargetDependency section */
		1BD03A0E1BDE4B4A007E48F4 /* PBXTargetDependency */ = {
			isa = PBXTargetDependency;
			target = 1BD039F21BDE4B49007E48F4 /* SAMoPubIntegrationDemo */;
			targetProxy = 1BD03A0D1BDE4B4A007E48F4 /* PBXContainerItemProxy */;
		};
		1BD03A191BDE4B4A007E48F4 /* PBXTargetDependency */ = {
			isa = PBXTargetDependency;
			target = 1BD039F21BDE4B49007E48F4 /* SAMoPubIntegrationDemo */;
			targetProxy = 1BD03A181BDE4B4A007E48F4 /* PBXContainerItemProxy */;
		};
/* End PBXTargetDependency section */

/* Begin PBXVariantGroup section */
		1BD039FF1BDE4B49007E48F4 /* Main.storyboard */ = {
			isa = PBXVariantGroup;
			children = (
				1BD03A001BDE4B49007E48F4 /* Base */,
			);
			name = Main.storyboard;
			sourceTree = "<group>";
		};
		1BD03A041BDE4B49007E48F4 /* LaunchScreen.storyboard */ = {
			isa = PBXVariantGroup;
			children = (
				1BD03A051BDE4B49007E48F4 /* Base */,
			);
			name = LaunchScreen.storyboard;
			sourceTree = "<group>";
		};
/* End PBXVariantGroup section */

/* Begin XCBuildConfiguration section */
		1BD03A1E1BDE4B4A007E48F4 /* Debug */ = {
			isa = XCBuildConfiguration;
			buildSettings = {
				ALWAYS_SEARCH_USER_PATHS = NO;
				CLANG_CXX_LANGUAGE_STANDARD = "gnu++0x";
				CLANG_CXX_LIBRARY = "libc++";
				CLANG_ENABLE_MODULES = YES;
				CLANG_ENABLE_OBJC_ARC = YES;
				CLANG_WARN_BOOL_CONVERSION = YES;
				CLANG_WARN_CONSTANT_CONVERSION = YES;
				CLANG_WARN_DIRECT_OBJC_ISA_USAGE = YES_ERROR;
				CLANG_WARN_EMPTY_BODY = YES;
				CLANG_WARN_ENUM_CONVERSION = YES;
				CLANG_WARN_INT_CONVERSION = YES;
				CLANG_WARN_OBJC_ROOT_CLASS = YES_ERROR;
				CLANG_WARN_UNREACHABLE_CODE = YES;
				CLANG_WARN__DUPLICATE_METHOD_MATCH = YES;
				"CODE_SIGN_IDENTITY[sdk=iphoneos*]" = "iPhone Developer";
				COPY_PHASE_STRIP = NO;
				DEBUG_INFORMATION_FORMAT = dwarf;
				ENABLE_STRICT_OBJC_MSGSEND = YES;
				ENABLE_TESTABILITY = YES;
				GCC_C_LANGUAGE_STANDARD = gnu99;
				GCC_DYNAMIC_NO_PIC = NO;
				GCC_NO_COMMON_BLOCKS = YES;
				GCC_OPTIMIZATION_LEVEL = 0;
				GCC_PREPROCESSOR_DEFINITIONS = (
					"DEBUG=1",
					"$(inherited)",
				);
				GCC_WARN_64_TO_32_BIT_CONVERSION = YES;
				GCC_WARN_ABOUT_RETURN_TYPE = YES_ERROR;
				GCC_WARN_UNDECLARED_SELECTOR = YES;
				GCC_WARN_UNINITIALIZED_AUTOS = YES_AGGRESSIVE;
				GCC_WARN_UNUSED_FUNCTION = YES;
				GCC_WARN_UNUSED_VARIABLE = YES;
				IPHONEOS_DEPLOYMENT_TARGET = 9.0;
				MTL_ENABLE_DEBUG_INFO = YES;
				ONLY_ACTIVE_ARCH = YES;
				SDKROOT = iphoneos;
				TARGETED_DEVICE_FAMILY = "1,2";
			};
			name = Debug;
		};
		1BD03A1F1BDE4B4A007E48F4 /* Release */ = {
			isa = XCBuildConfiguration;
			buildSettings = {
				ALWAYS_SEARCH_USER_PATHS = NO;
				CLANG_CXX_LANGUAGE_STANDARD = "gnu++0x";
				CLANG_CXX_LIBRARY = "libc++";
				CLANG_ENABLE_MODULES = YES;
				CLANG_ENABLE_OBJC_ARC = YES;
				CLANG_WARN_BOOL_CONVERSION = YES;
				CLANG_WARN_CONSTANT_CONVERSION = YES;
				CLANG_WARN_DIRECT_OBJC_ISA_USAGE = YES_ERROR;
				CLANG_WARN_EMPTY_BODY = YES;
				CLANG_WARN_ENUM_CONVERSION = YES;
				CLANG_WARN_INT_CONVERSION = YES;
				CLANG_WARN_OBJC_ROOT_CLASS = YES_ERROR;
				CLANG_WARN_UNREACHABLE_CODE = YES;
				CLANG_WARN__DUPLICATE_METHOD_MATCH = YES;
				"CODE_SIGN_IDENTITY[sdk=iphoneos*]" = "iPhone Developer";
				COPY_PHASE_STRIP = NO;
				DEBUG_INFORMATION_FORMAT = "dwarf-with-dsym";
				ENABLE_NS_ASSERTIONS = NO;
				ENABLE_STRICT_OBJC_MSGSEND = YES;
				GCC_C_LANGUAGE_STANDARD = gnu99;
				GCC_NO_COMMON_BLOCKS = YES;
				GCC_WARN_64_TO_32_BIT_CONVERSION = YES;
				GCC_WARN_ABOUT_RETURN_TYPE = YES_ERROR;
				GCC_WARN_UNDECLARED_SELECTOR = YES;
				GCC_WARN_UNINITIALIZED_AUTOS = YES_AGGRESSIVE;
				GCC_WARN_UNUSED_FUNCTION = YES;
				GCC_WARN_UNUSED_VARIABLE = YES;
				IPHONEOS_DEPLOYMENT_TARGET = 9.0;
				MTL_ENABLE_DEBUG_INFO = NO;
				SDKROOT = iphoneos;
				TARGETED_DEVICE_FAMILY = "1,2";
				VALIDATE_PRODUCT = YES;
			};
			name = Release;
		};
		1BD03A211BDE4B4A007E48F4 /* Debug */ = {
			isa = XCBuildConfiguration;
			buildSettings = {
				ASSETCATALOG_COMPILER_APPICON_NAME = AppIcon;
				INFOPLIST_FILE = SAMoPubIntegrationDemo/Info.plist;
				LD_RUNPATH_SEARCH_PATHS = "$(inherited) @executable_path/Frameworks";
				PRODUCT_BUNDLE_IDENTIFIER = tv.superawesome.SAMoPubIntegrationDemo;
				PRODUCT_NAME = "$(TARGET_NAME)";
			};
			name = Debug;
		};
		1BD03A221BDE4B4A007E48F4 /* Release */ = {
			isa = XCBuildConfiguration;
			buildSettings = {
				ASSETCATALOG_COMPILER_APPICON_NAME = AppIcon;
				INFOPLIST_FILE = SAMoPubIntegrationDemo/Info.plist;
				LD_RUNPATH_SEARCH_PATHS = "$(inherited) @executable_path/Frameworks";
				PRODUCT_BUNDLE_IDENTIFIER = tv.superawesome.SAMoPubIntegrationDemo;
				PRODUCT_NAME = "$(TARGET_NAME)";
			};
			name = Release;
		};
		1BD03A241BDE4B4A007E48F4 /* Debug */ = {
			isa = XCBuildConfiguration;
			buildSettings = {
				BUNDLE_LOADER = "$(TEST_HOST)";
				INFOPLIST_FILE = SAMoPubIntegrationDemoTests/Info.plist;
				LD_RUNPATH_SEARCH_PATHS = "$(inherited) @executable_path/Frameworks @loader_path/Frameworks";
				PRODUCT_BUNDLE_IDENTIFIER = tv.superawesome.SAMoPubIntegrationDemoTests;
				PRODUCT_NAME = "$(TARGET_NAME)";
				TEST_HOST = "$(BUILT_PRODUCTS_DIR)/SAMoPubIntegrationDemo.app/SAMoPubIntegrationDemo";
			};
			name = Debug;
		};
		1BD03A251BDE4B4A007E48F4 /* Release */ = {
			isa = XCBuildConfiguration;
			buildSettings = {
				BUNDLE_LOADER = "$(TEST_HOST)";
				INFOPLIST_FILE = SAMoPubIntegrationDemoTests/Info.plist;
				LD_RUNPATH_SEARCH_PATHS = "$(inherited) @executable_path/Frameworks @loader_path/Frameworks";
				PRODUCT_BUNDLE_IDENTIFIER = tv.superawesome.SAMoPubIntegrationDemoTests;
				PRODUCT_NAME = "$(TARGET_NAME)";
				TEST_HOST = "$(BUILT_PRODUCTS_DIR)/SAMoPubIntegrationDemo.app/SAMoPubIntegrationDemo";
			};
			name = Release;
		};
		1BD03A271BDE4B4A007E48F4 /* Debug */ = {
			isa = XCBuildConfiguration;
			buildSettings = {
				INFOPLIST_FILE = SAMoPubIntegrationDemoUITests/Info.plist;
				LD_RUNPATH_SEARCH_PATHS = "$(inherited) @executable_path/Frameworks @loader_path/Frameworks";
				PRODUCT_BUNDLE_IDENTIFIER = tv.superawesome.SAMoPubIntegrationDemoUITests;
				PRODUCT_NAME = "$(TARGET_NAME)";
				TEST_TARGET_NAME = SAMoPubIntegrationDemo;
				USES_XCTRUNNER = YES;
			};
			name = Debug;
		};
		1BD03A281BDE4B4A007E48F4 /* Release */ = {
			isa = XCBuildConfiguration;
			buildSettings = {
				INFOPLIST_FILE = SAMoPubIntegrationDemoUITests/Info.plist;
				LD_RUNPATH_SEARCH_PATHS = "$(inherited) @executable_path/Frameworks @loader_path/Frameworks";
				PRODUCT_BUNDLE_IDENTIFIER = tv.superawesome.SAMoPubIntegrationDemoUITests;
				PRODUCT_NAME = "$(TARGET_NAME)";
				TEST_TARGET_NAME = SAMoPubIntegrationDemo;
				USES_XCTRUNNER = YES;
			};
			name = Release;
		};
/* End XCBuildConfiguration section */

/* Begin XCConfigurationList section */
		1BD039EE1BDE4B49007E48F4 /* Build configuration list for PBXProject "SAMoPubIntegrationDemo" */ = {
			isa = XCConfigurationList;
			buildConfigurations = (
				1BD03A1E1BDE4B4A007E48F4 /* Debug */,
				1BD03A1F1BDE4B4A007E48F4 /* Release */,
			);
			defaultConfigurationIsVisible = 0;
			defaultConfigurationName = Release;
		};
		1BD03A201BDE4B4A007E48F4 /* Build configuration list for PBXNativeTarget "SAMoPubIntegrationDemo" */ = {
			isa = XCConfigurationList;
			buildConfigurations = (
				1BD03A211BDE4B4A007E48F4 /* Debug */,
				1BD03A221BDE4B4A007E48F4 /* Release */,
			);
			defaultConfigurationIsVisible = 0;
		};
		1BD03A231BDE4B4A007E48F4 /* Build configuration list for PBXNativeTarget "SAMoPubIntegrationDemoTests" */ = {
			isa = XCConfigurationList;
			buildConfigurations = (
				1BD03A241BDE4B4A007E48F4 /* Debug */,
				1BD03A251BDE4B4A007E48F4 /* Release */,
			);
			defaultConfigurationIsVisible = 0;
		};
		1BD03A261BDE4B4A007E48F4 /* Build configuration list for PBXNativeTarget "SAMoPubIntegrationDemoUITests" */ = {
			isa = XCConfigurationList;
			buildConfigurations = (
				1BD03A271BDE4B4A007E48F4 /* Debug */,
				1BD03A281BDE4B4A007E48F4 /* Release */,
			);
			defaultConfigurationIsVisible = 0;
		};
/* End XCConfigurationList section */
	};
	rootObject = 1BD039EB1BDE4B49007E48F4 /* Project object */;
}
