// !$*UTF8*$!
{
	archiveVersion = 1;
	classes = {
	};
	objectVersion = 46;
	objects = {

/* Begin PBXBuildFile section */
		6D89FF0A295919F2A168AE98 /* libPods-SuperAwesome Demo.a in Frameworks */ = {isa = PBXBuildFile; fileRef = 5EFA8DE86343AF7A5C634FCA /* libPods-SuperAwesome Demo.a */; };
		98B98FCA1ACD5F0400EFFA27 /* main.m in Sources */ = {isa = PBXBuildFile; fileRef = 98B98FC91ACD5F0400EFFA27 /* main.m */; };
		98B98FCD1ACD5F0400EFFA27 /* AppDelegate.m in Sources */ = {isa = PBXBuildFile; fileRef = 98B98FCC1ACD5F0400EFFA27 /* AppDelegate.m */; };
		98B98FD01ACD5F0400EFFA27 /* ViewController.m in Sources */ = {isa = PBXBuildFile; fileRef = 98B98FCF1ACD5F0400EFFA27 /* ViewController.m */; };
		98B98FD31ACD5F0400EFFA27 /* Main.storyboard in Resources */ = {isa = PBXBuildFile; fileRef = 98B98FD11ACD5F0400EFFA27 /* Main.storyboard */; };
		98B98FD51ACD5F0400EFFA27 /* Images.xcassets in Resources */ = {isa = PBXBuildFile; fileRef = 98B98FD41ACD5F0400EFFA27 /* Images.xcassets */; };
		98B98FD81ACD5F0400EFFA27 /* LaunchScreen.xib in Resources */ = {isa = PBXBuildFile; fileRef = 98B98FD61ACD5F0400EFFA27 /* LaunchScreen.xib */; };
		98B98FE41ACD5F0400EFFA27 /* SuperAwesome_DemoTests.m in Sources */ = {isa = PBXBuildFile; fileRef = 98B98FE31ACD5F0400EFFA27 /* SuperAwesome_DemoTests.m */; };
/* End PBXBuildFile section */

/* Begin PBXContainerItemProxy section */
		98B98FDE1ACD5F0400EFFA27 /* PBXContainerItemProxy */ = {
			isa = PBXContainerItemProxy;
			containerPortal = 98B98FBC1ACD5F0400EFFA27 /* Project object */;
			proxyType = 1;
			remoteGlobalIDString = 98B98FC31ACD5F0400EFFA27;
			remoteInfo = "SuperAwesome Demo";
		};
/* End PBXContainerItemProxy section */

/* Begin PBXCopyFilesBuildPhase section */
		98B98FFE1ACD618500EFFA27 /* Embed Frameworks */ = {
			isa = PBXCopyFilesBuildPhase;
			buildActionMask = 2147483647;
			dstPath = "";
			dstSubfolderSpec = 10;
			files = (
			);
			name = "Embed Frameworks";
			runOnlyForDeploymentPostprocessing = 0;
		};
/* End PBXCopyFilesBuildPhase section */

/* Begin PBXFileReference section */
		5634DFB8E076111266332FE4 /* Pods-SuperAwesome Demo.release.xcconfig */ = {isa = PBXFileReference; includeInIndex = 1; lastKnownFileType = text.xcconfig; name = "Pods-SuperAwesome Demo.release.xcconfig"; path = "Pods/Target Support Files/Pods-SuperAwesome Demo/Pods-SuperAwesome Demo.release.xcconfig"; sourceTree = "<group>"; };
		5EFA8DE86343AF7A5C634FCA /* libPods-SuperAwesome Demo.a */ = {isa = PBXFileReference; explicitFileType = archive.ar; includeInIndex = 0; path = "libPods-SuperAwesome Demo.a"; sourceTree = BUILT_PRODUCTS_DIR; };
		98B98FC41ACD5F0400EFFA27 /* SuperAwesome Demo.app */ = {isa = PBXFileReference; explicitFileType = wrapper.application; includeInIndex = 0; path = "SuperAwesome Demo.app"; sourceTree = BUILT_PRODUCTS_DIR; };
		98B98FC81ACD5F0400EFFA27 /* Info.plist */ = {isa = PBXFileReference; lastKnownFileType = text.plist.xml; path = Info.plist; sourceTree = "<group>"; };
		98B98FC91ACD5F0400EFFA27 /* main.m */ = {isa = PBXFileReference; lastKnownFileType = sourcecode.c.objc; path = main.m; sourceTree = "<group>"; };
		98B98FCB1ACD5F0400EFFA27 /* AppDelegate.h */ = {isa = PBXFileReference; lastKnownFileType = sourcecode.c.h; path = AppDelegate.h; sourceTree = "<group>"; };
		98B98FCC1ACD5F0400EFFA27 /* AppDelegate.m */ = {isa = PBXFileReference; lastKnownFileType = sourcecode.c.objc; path = AppDelegate.m; sourceTree = "<group>"; };
		98B98FCE1ACD5F0400EFFA27 /* ViewController.h */ = {isa = PBXFileReference; lastKnownFileType = sourcecode.c.h; path = ViewController.h; sourceTree = "<group>"; };
		98B98FCF1ACD5F0400EFFA27 /* ViewController.m */ = {isa = PBXFileReference; lastKnownFileType = sourcecode.c.objc; path = ViewController.m; sourceTree = "<group>"; };
		98B98FD21ACD5F0400EFFA27 /* Base */ = {isa = PBXFileReference; lastKnownFileType = file.storyboard; name = Base; path = Base.lproj/Main.storyboard; sourceTree = "<group>"; };
		98B98FD41ACD5F0400EFFA27 /* Images.xcassets */ = {isa = PBXFileReference; lastKnownFileType = folder.assetcatalog; path = Images.xcassets; sourceTree = "<group>"; };
		98B98FD71ACD5F0400EFFA27 /* Base */ = {isa = PBXFileReference; lastKnownFileType = file.xib; name = Base; path = Base.lproj/LaunchScreen.xib; sourceTree = "<group>"; };
		98B98FDD1ACD5F0400EFFA27 /* SuperAwesome DemoTests.xctest */ = {isa = PBXFileReference; explicitFileType = wrapper.cfbundle; includeInIndex = 0; path = "SuperAwesome DemoTests.xctest"; sourceTree = BUILT_PRODUCTS_DIR; };
		98B98FE21ACD5F0400EFFA27 /* Info.plist */ = {isa = PBXFileReference; lastKnownFileType = text.plist.xml; path = Info.plist; sourceTree = "<group>"; };
		98B98FE31ACD5F0400EFFA27 /* SuperAwesome_DemoTests.m */ = {isa = PBXFileReference; lastKnownFileType = sourcecode.c.objc; path = SuperAwesome_DemoTests.m; sourceTree = "<group>"; };
		FE6E04B6CF5B6CC2EAC29670 /* Pods-SuperAwesome Demo.debug.xcconfig */ = {isa = PBXFileReference; includeInIndex = 1; lastKnownFileType = text.xcconfig; name = "Pods-SuperAwesome Demo.debug.xcconfig"; path = "Pods/Target Support Files/Pods-SuperAwesome Demo/Pods-SuperAwesome Demo.debug.xcconfig"; sourceTree = "<group>"; };
/* End PBXFileReference section */

/* Begin PBXFrameworksBuildPhase section */
		98B98FC11ACD5F0400EFFA27 /* Frameworks */ = {
			isa = PBXFrameworksBuildPhase;
			buildActionMask = 2147483647;
			files = (
				6D89FF0A295919F2A168AE98 /* libPods-SuperAwesome Demo.a in Frameworks */,
			);
			runOnlyForDeploymentPostprocessing = 0;
		};
		98B98FDA1ACD5F0400EFFA27 /* Frameworks */ = {
			isa = PBXFrameworksBuildPhase;
			buildActionMask = 2147483647;
			files = (
			);
			runOnlyForDeploymentPostprocessing = 0;
		};
/* End PBXFrameworksBuildPhase section */

/* Begin PBXGroup section */
		4CE4A61138BBFB030F35D563 /* Pods */ = {
			isa = PBXGroup;
			children = (
				FE6E04B6CF5B6CC2EAC29670 /* Pods-SuperAwesome Demo.debug.xcconfig */,
				5634DFB8E076111266332FE4 /* Pods-SuperAwesome Demo.release.xcconfig */,
			);
			name = Pods;
			sourceTree = "<group>";
		};
		98B98FBB1ACD5F0400EFFA27 = {
			isa = PBXGroup;
			children = (
				98B98FF81ACD60E500EFFA27 /* Frameworks */,
				98B98FC61ACD5F0400EFFA27 /* SuperAwesome Demo */,
				98B98FE01ACD5F0400EFFA27 /* SuperAwesome DemoTests */,
				98B98FC51ACD5F0400EFFA27 /* Products */,
				4CE4A61138BBFB030F35D563 /* Pods */,
			);
			sourceTree = "<group>";
		};
		98B98FC51ACD5F0400EFFA27 /* Products */ = {
			isa = PBXGroup;
			children = (
				98B98FC41ACD5F0400EFFA27 /* SuperAwesome Demo.app */,
				98B98FDD1ACD5F0400EFFA27 /* SuperAwesome DemoTests.xctest */,
			);
			name = Products;
			sourceTree = "<group>";
		};
		98B98FC61ACD5F0400EFFA27 /* SuperAwesome Demo */ = {
			isa = PBXGroup;
			children = (
				98B98FCB1ACD5F0400EFFA27 /* AppDelegate.h */,
				98B98FCC1ACD5F0400EFFA27 /* AppDelegate.m */,
				98B98FCE1ACD5F0400EFFA27 /* ViewController.h */,
				98B98FCF1ACD5F0400EFFA27 /* ViewController.m */,
				98B98FD11ACD5F0400EFFA27 /* Main.storyboard */,
				98B98FD41ACD5F0400EFFA27 /* Images.xcassets */,
				98B98FD61ACD5F0400EFFA27 /* LaunchScreen.xib */,
				98B98FC71ACD5F0400EFFA27 /* Supporting Files */,
			);
			path = "SuperAwesome Demo";
			sourceTree = "<group>";
		};
		98B98FC71ACD5F0400EFFA27 /* Supporting Files */ = {
			isa = PBXGroup;
			children = (
				98B98FC81ACD5F0400EFFA27 /* Info.plist */,
				98B98FC91ACD5F0400EFFA27 /* main.m */,
			);
			name = "Supporting Files";
			sourceTree = "<group>";
		};
		98B98FE01ACD5F0400EFFA27 /* SuperAwesome DemoTests */ = {
			isa = PBXGroup;
			children = (
				98B98FE31ACD5F0400EFFA27 /* SuperAwesome_DemoTests.m */,
				98B98FE11ACD5F0400EFFA27 /* Supporting Files */,
			);
			path = "SuperAwesome DemoTests";
			sourceTree = "<group>";
		};
		98B98FE11ACD5F0400EFFA27 /* Supporting Files */ = {
			isa = PBXGroup;
			children = (
				98B98FE21ACD5F0400EFFA27 /* Info.plist */,
			);
			name = "Supporting Files";
			sourceTree = "<group>";
		};
		98B98FF81ACD60E500EFFA27 /* Frameworks */ = {
			isa = PBXGroup;
			children = (
				5EFA8DE86343AF7A5C634FCA /* libPods-SuperAwesome Demo.a */,
			);
			name = Frameworks;
			sourceTree = "<group>";
		};
/* End PBXGroup section */

/* Begin PBXNativeTarget section */
		98B98FC31ACD5F0400EFFA27 /* SuperAwesome Demo */ = {
			isa = PBXNativeTarget;
			buildConfigurationList = 98B98FE71ACD5F0400EFFA27 /* Build configuration list for PBXNativeTarget "SuperAwesome Demo" */;
			buildPhases = (
				0719CC4BB74F35537714BBBE /* Check Pods Manifest.lock */,
				98B98FC01ACD5F0400EFFA27 /* Sources */,
				98B98FC11ACD5F0400EFFA27 /* Frameworks */,
				98B98FC21ACD5F0400EFFA27 /* Resources */,
				98B98FFE1ACD618500EFFA27 /* Embed Frameworks */,
				1902F5F3E58E4725F562E787 /* Copy Pods Resources */,
			);
			buildRules = (
			);
			dependencies = (
			);
			name = "SuperAwesome Demo";
			productName = "SuperAwesome Demo";
			productReference = 98B98FC41ACD5F0400EFFA27 /* SuperAwesome Demo.app */;
			productType = "com.apple.product-type.application";
		};
		98B98FDC1ACD5F0400EFFA27 /* SuperAwesome DemoTests */ = {
			isa = PBXNativeTarget;
			buildConfigurationList = 98B98FEA1ACD5F0400EFFA27 /* Build configuration list for PBXNativeTarget "SuperAwesome DemoTests" */;
			buildPhases = (
				98B98FD91ACD5F0400EFFA27 /* Sources */,
				98B98FDA1ACD5F0400EFFA27 /* Frameworks */,
				98B98FDB1ACD5F0400EFFA27 /* Resources */,
			);
			buildRules = (
			);
			dependencies = (
				98B98FDF1ACD5F0400EFFA27 /* PBXTargetDependency */,
			);
			name = "SuperAwesome DemoTests";
			productName = "SuperAwesome DemoTests";
			productReference = 98B98FDD1ACD5F0400EFFA27 /* SuperAwesome DemoTests.xctest */;
			productType = "com.apple.product-type.bundle.unit-test";
		};
/* End PBXNativeTarget section */

/* Begin PBXProject section */
		98B98FBC1ACD5F0400EFFA27 /* Project object */ = {
			isa = PBXProject;
			attributes = {
				LastUpgradeCheck = 0620;
				ORGANIZATIONNAME = "SuperAwesome Ltd";
				TargetAttributes = {
					98B98FC31ACD5F0400EFFA27 = {
						CreatedOnToolsVersion = 6.2;
					};
					98B98FDC1ACD5F0400EFFA27 = {
						CreatedOnToolsVersion = 6.2;
						TestTargetID = 98B98FC31ACD5F0400EFFA27;
					};
				};
			};
			buildConfigurationList = 98B98FBF1ACD5F0400EFFA27 /* Build configuration list for PBXProject "SuperAwesome Demo" */;
			compatibilityVersion = "Xcode 3.2";
			developmentRegion = English;
			hasScannedForEncodings = 0;
			knownRegions = (
				en,
				Base,
			);
			mainGroup = 98B98FBB1ACD5F0400EFFA27;
			productRefGroup = 98B98FC51ACD5F0400EFFA27 /* Products */;
			projectDirPath = "";
			projectRoot = "";
			targets = (
				98B98FC31ACD5F0400EFFA27 /* SuperAwesome Demo */,
				98B98FDC1ACD5F0400EFFA27 /* SuperAwesome DemoTests */,
			);
		};
/* End PBXProject section */

/* Begin PBXResourcesBuildPhase section */
		98B98FC21ACD5F0400EFFA27 /* Resources */ = {
			isa = PBXResourcesBuildPhase;
			buildActionMask = 2147483647;
			files = (
				98B98FD31ACD5F0400EFFA27 /* Main.storyboard in Resources */,
				98B98FD81ACD5F0400EFFA27 /* LaunchScreen.xib in Resources */,
				98B98FD51ACD5F0400EFFA27 /* Images.xcassets in Resources */,
			);
			runOnlyForDeploymentPostprocessing = 0;
		};
		98B98FDB1ACD5F0400EFFA27 /* Resources */ = {
			isa = PBXResourcesBuildPhase;
			buildActionMask = 2147483647;
			files = (
			);
			runOnlyForDeploymentPostprocessing = 0;
		};
/* End PBXResourcesBuildPhase section */

/* Begin PBXShellScriptBuildPhase section */
		0719CC4BB74F35537714BBBE /* Check Pods Manifest.lock */ = {
			isa = PBXShellScriptBuildPhase;
			buildActionMask = 2147483647;
			files = (
			);
			inputPaths = (
			);
			name = "Check Pods Manifest.lock";
			outputPaths = (
			);
			runOnlyForDeploymentPostprocessing = 0;
			shellPath = /bin/sh;
			shellScript = "diff \"${PODS_ROOT}/../Podfile.lock\" \"${PODS_ROOT}/Manifest.lock\" > /dev/null\nif [[ $? != 0 ]] ; then\n    cat << EOM\nerror: The sandbox is not in sync with the Podfile.lock. Run 'pod install' or update your CocoaPods installation.\nEOM\n    exit 1\nfi\n";
			showEnvVarsInLog = 0;
		};
		1902F5F3E58E4725F562E787 /* Copy Pods Resources */ = {
			isa = PBXShellScriptBuildPhase;
			buildActionMask = 2147483647;
			files = (
			);
			inputPaths = (
			);
			name = "Copy Pods Resources";
			outputPaths = (
			);
			runOnlyForDeploymentPostprocessing = 0;
			shellPath = /bin/sh;
			shellScript = "\"${SRCROOT}/Pods/Target Support Files/Pods-SuperAwesome Demo/Pods-SuperAwesome Demo-resources.sh\"\n";
			showEnvVarsInLog = 0;
		};
/* End PBXShellScriptBuildPhase section */

/* Begin PBXSourcesBuildPhase section */
		98B98FC01ACD5F0400EFFA27 /* Sources */ = {
			isa = PBXSourcesBuildPhase;
			buildActionMask = 2147483647;
			files = (
				98B98FD01ACD5F0400EFFA27 /* ViewController.m in Sources */,
				98B98FCD1ACD5F0400EFFA27 /* AppDelegate.m in Sources */,
				98B98FCA1ACD5F0400EFFA27 /* main.m in Sources */,
			);
			runOnlyForDeploymentPostprocessing = 0;
		};
		98B98FD91ACD5F0400EFFA27 /* Sources */ = {
			isa = PBXSourcesBuildPhase;
			buildActionMask = 2147483647;
			files = (
				98B98FE41ACD5F0400EFFA27 /* SuperAwesome_DemoTests.m in Sources */,
			);
			runOnlyForDeploymentPostprocessing = 0;
		};
/* End PBXSourcesBuildPhase section */

/* Begin PBXTargetDependency section */
		98B98FDF1ACD5F0400EFFA27 /* PBXTargetDependency */ = {
			isa = PBXTargetDependency;
			target = 98B98FC31ACD5F0400EFFA27 /* SuperAwesome Demo */;
			targetProxy = 98B98FDE1ACD5F0400EFFA27 /* PBXContainerItemProxy */;
		};
/* End PBXTargetDependency section */

/* Begin PBXVariantGroup section */
		98B98FD11ACD5F0400EFFA27 /* Main.storyboard */ = {
			isa = PBXVariantGroup;
			children = (
				98B98FD21ACD5F0400EFFA27 /* Base */,
			);
			name = Main.storyboard;
			sourceTree = "<group>";
		};
		98B98FD61ACD5F0400EFFA27 /* LaunchScreen.xib */ = {
			isa = PBXVariantGroup;
			children = (
				98B98FD71ACD5F0400EFFA27 /* Base */,
			);
			name = LaunchScreen.xib;
			sourceTree = "<group>";
		};
/* End PBXVariantGroup section */

/* Begin XCBuildConfiguration section */
		98B98FE51ACD5F0400EFFA27 /* Debug */ = {
			isa = XCBuildConfiguration;
			buildSettings = {
				ALWAYS_SEARCH_USER_PATHS = NO;
				CLANG_CXX_LANGUAGE_STANDARD = "gnu++0x";
				CLANG_CXX_LIBRARY = "libc++";
				CLANG_ENABLE_MODULES = YES;
				CLANG_ENABLE_OBJC_ARC = YES;
				CLANG_WARN_BOOL_CONVERSION = YES;
				CLANG_WARN_CONSTANT_CONVERSION = YES;
				CLANG_WARN_DIRECT_OBJC_ISA_USAGE = YES_ERROR;
				CLANG_WARN_EMPTY_BODY = YES;
				CLANG_WARN_ENUM_CONVERSION = YES;
				CLANG_WARN_INT_CONVERSION = YES;
				CLANG_WARN_OBJC_ROOT_CLASS = YES_ERROR;
				CLANG_WARN_UNREACHABLE_CODE = YES;
				CLANG_WARN__DUPLICATE_METHOD_MATCH = YES;
				"CODE_SIGN_IDENTITY[sdk=iphoneos*]" = "iPhone Developer";
				COPY_PHASE_STRIP = NO;
				ENABLE_STRICT_OBJC_MSGSEND = YES;
				GCC_C_LANGUAGE_STANDARD = gnu99;
				GCC_DYNAMIC_NO_PIC = NO;
				GCC_OPTIMIZATION_LEVEL = 0;
				GCC_PREPROCESSOR_DEFINITIONS = (
					"DEBUG=1",
					"$(inherited)",
				);
				GCC_SYMBOLS_PRIVATE_EXTERN = NO;
				GCC_WARN_64_TO_32_BIT_CONVERSION = YES;
				GCC_WARN_ABOUT_RETURN_TYPE = YES_ERROR;
				GCC_WARN_UNDECLARED_SELECTOR = YES;
				GCC_WARN_UNINITIALIZED_AUTOS = YES_AGGRESSIVE;
				GCC_WARN_UNUSED_FUNCTION = YES;
				GCC_WARN_UNUSED_VARIABLE = YES;
				IPHONEOS_DEPLOYMENT_TARGET = 8.2;
				MTL_ENABLE_DEBUG_INFO = YES;
				ONLY_ACTIVE_ARCH = YES;
				SDKROOT = iphoneos;
			};
			name = Debug;
		};
		98B98FE61ACD5F0400EFFA27 /* Release */ = {
			isa = XCBuildConfiguration;
			buildSettings = {
				ALWAYS_SEARCH_USER_PATHS = NO;
				CLANG_CXX_LANGUAGE_STANDARD = "gnu++0x";
				CLANG_CXX_LIBRARY = "libc++";
				CLANG_ENABLE_MODULES = YES;
				CLANG_ENABLE_OBJC_ARC = YES;
				CLANG_WARN_BOOL_CONVERSION = YES;
				CLANG_WARN_CONSTANT_CONVERSION = YES;
				CLANG_WARN_DIRECT_OBJC_ISA_USAGE = YES_ERROR;
				CLANG_WARN_EMPTY_BODY = YES;
				CLANG_WARN_ENUM_CONVERSION = YES;
				CLANG_WARN_INT_CONVERSION = YES;
				CLANG_WARN_OBJC_ROOT_CLASS = YES_ERROR;
				CLANG_WARN_UNREACHABLE_CODE = YES;
				CLANG_WARN__DUPLICATE_METHOD_MATCH = YES;
				"CODE_SIGN_IDENTITY[sdk=iphoneos*]" = "iPhone Developer";
				COPY_PHASE_STRIP = NO;
				ENABLE_NS_ASSERTIONS = NO;
				ENABLE_STRICT_OBJC_MSGSEND = YES;
				GCC_C_LANGUAGE_STANDARD = gnu99;
				GCC_WARN_64_TO_32_BIT_CONVERSION = YES;
				GCC_WARN_ABOUT_RETURN_TYPE = YES_ERROR;
				GCC_WARN_UNDECLARED_SELECTOR = YES;
				GCC_WARN_UNINITIALIZED_AUTOS = YES_AGGRESSIVE;
				GCC_WARN_UNUSED_FUNCTION = YES;
				GCC_WARN_UNUSED_VARIABLE = YES;
				IPHONEOS_DEPLOYMENT_TARGET = 8.2;
				MTL_ENABLE_DEBUG_INFO = NO;
				SDKROOT = iphoneos;
				VALIDATE_PRODUCT = YES;
			};
			name = Release;
		};
		98B98FE81ACD5F0400EFFA27 /* Debug */ = {
			isa = XCBuildConfiguration;
			baseConfigurationReference = FE6E04B6CF5B6CC2EAC29670 /* Pods-SuperAwesome Demo.debug.xcconfig */;
			buildSettings = {
				ASSETCATALOG_COMPILER_APPICON_NAME = AppIcon;
				FRAMEWORK_SEARCH_PATHS = (
					"$(inherited)",
					"/Users/balazs/Projects/SuperAwesome/SDK/sa-mobile-sdk-ios/build/Debug-iphoneos",
				);
				INFOPLIST_FILE = "SuperAwesome Demo/Info.plist";
				LD_RUNPATH_SEARCH_PATHS = "$(inherited) @executable_path/Frameworks";
				PRODUCT_NAME = "$(TARGET_NAME)";
			};
			name = Debug;
		};
		98B98FE91ACD5F0400EFFA27 /* Release */ = {
			isa = XCBuildConfiguration;
			baseConfigurationReference = 5634DFB8E076111266332FE4 /* Pods-SuperAwesome Demo.release.xcconfig */;
			buildSettings = {
				ASSETCATALOG_COMPILER_APPICON_NAME = AppIcon;
				FRAMEWORK_SEARCH_PATHS = (
					"$(inherited)",
					"/Users/balazs/Projects/SuperAwesome/SDK/sa-mobile-sdk-ios/build/Debug-iphoneos",
				);
				INFOPLIST_FILE = "SuperAwesome Demo/Info.plist";
				LD_RUNPATH_SEARCH_PATHS = "$(inherited) @executable_path/Frameworks";
				PRODUCT_NAME = "$(TARGET_NAME)";
			};
			name = Release;
		};
		98B98FEB1ACD5F0400EFFA27 /* Debug */ = {
			isa = XCBuildConfiguration;
			buildSettings = {
				BUNDLE_LOADER = "$(TEST_HOST)";
				FRAMEWORK_SEARCH_PATHS = (
					"$(SDKROOT)/Developer/Library/Frameworks",
					"$(inherited)",
				);
				GCC_PREPROCESSOR_DEFINITIONS = (
					"DEBUG=1",
					"$(inherited)",
				);
				INFOPLIST_FILE = "SuperAwesome DemoTests/Info.plist";
				LD_RUNPATH_SEARCH_PATHS = "$(inherited) @executable_path/Frameworks @loader_path/Frameworks";
				PRODUCT_NAME = "$(TARGET_NAME)";
				TEST_HOST = "$(BUILT_PRODUCTS_DIR)/SuperAwesome Demo.app/SuperAwesome Demo";
			};
			name = Debug;
		};
		98B98FEC1ACD5F0400EFFA27 /* Release */ = {
			isa = XCBuildConfiguration;
			buildSettings = {
				BUNDLE_LOADER = "$(TEST_HOST)";
				FRAMEWORK_SEARCH_PATHS = (
					"$(SDKROOT)/Developer/Library/Frameworks",
					"$(inherited)",
				);
				INFOPLIST_FILE = "SuperAwesome DemoTests/Info.plist";
				LD_RUNPATH_SEARCH_PATHS = "$(inherited) @executable_path/Frameworks @loader_path/Frameworks";
				PRODUCT_NAME = "$(TARGET_NAME)";
				TEST_HOST = "$(BUILT_PRODUCTS_DIR)/SuperAwesome Demo.app/SuperAwesome Demo";
			};
			name = Release;
		};
/* End XCBuildConfiguration section */

/* Begin XCConfigurationList section */
		98B98FBF1ACD5F0400EFFA27 /* Build configuration list for PBXProject "SuperAwesome Demo" */ = {
			isa = XCConfigurationList;
			buildConfigurations = (
				98B98FE51ACD5F0400EFFA27 /* Debug */,
				98B98FE61ACD5F0400EFFA27 /* Release */,
			);
			defaultConfigurationIsVisible = 0;
			defaultConfigurationName = Release;
		};
		98B98FE71ACD5F0400EFFA27 /* Build configuration list for PBXNativeTarget "SuperAwesome Demo" */ = {
			isa = XCConfigurationList;
			buildConfigurations = (
				98B98FE81ACD5F0400EFFA27 /* Debug */,
				98B98FE91ACD5F0400EFFA27 /* Release */,
			);
			defaultConfigurationIsVisible = 0;
			defaultConfigurationName = Release;
		};
		98B98FEA1ACD5F0400EFFA27 /* Build configuration list for PBXNativeTarget "SuperAwesome DemoTests" */ = {
			isa = XCConfigurationList;
			buildConfigurations = (
				98B98FEB1ACD5F0400EFFA27 /* Debug */,
				98B98FEC1ACD5F0400EFFA27 /* Release */,
			);
			defaultConfigurationIsVisible = 0;
			defaultConfigurationName = Release;
		};
/* End XCConfigurationList section */
	};
	rootObject = 98B98FBC1ACD5F0400EFFA27 /* Project object */;
}
