PODS:
  - GoogleAds-IMA-iOS-SDK (3.0.beta.12)
  - JSONModel (1.0.2)
  - SuperAwesome (2.1.6):
    - JSONModel (~> 1.0.2)
    - SuperAwesome/Default (= 2.1.6)
  - SuperAwesome/Default (2.1.6):
    - GoogleAds-IMA-iOS-SDK (= 3.0.beta.12)
    - JSONModel (~> 1.0.2)

DEPENDENCIES:
  - SuperAwesome (from `../`)

EXTERNAL SOURCES:
  SuperAwesome:
    :path: ../

SPEC CHECKSUMS:
  GoogleAds-IMA-iOS-SDK: ce1c9191e3859466391de21c3e17d22ecbf77ecb
  JSONModel: 6ffcb4ffa3659c9e9a2e5d45d6c7705bab187c03
  SuperAwesome: fefee1c5d310c80b1f707cac4da0567b434ea38d

COCOAPODS: 0.38.2
